// !$*UTF8*$!
{
	archiveVersion = 1;
	classes = {
	};
	objectVersion = 46;
	objects = {

/* Begin PBXBuildFile section */
		928E05F83569019CD74BDCEB /* Pods_iPets.framework in Frameworks */ = {isa = PBXBuildFile; fileRef = C0F66AE3DDCC948CA07F7880 /* Pods_iPets.framework */; };
		E10B34DB1EEA9D4D00D65C9F /* ShowPicViewController.swift in Sources */ = {isa = PBXBuildFile; fileRef = E10B34DA1EEA9D4D00D65C9F /* ShowPicViewController.swift */; };
		E10B34DD1EEA9E0100D65C9F /* LocalNews.js in Resources */ = {isa = PBXBuildFile; fileRef = E10B34DC1EEA9E0100D65C9F /* LocalNews.js */; };
		E10B34E21EEAA2D500D65C9F /* VideoViewController.swift in Sources */ = {isa = PBXBuildFile; fileRef = E10B34E11EEAA2D500D65C9F /* VideoViewController.swift */; };
		E10B34E41EEAA2E200D65C9F /* VideoTableViewCell.swift in Sources */ = {isa = PBXBuildFile; fileRef = E10B34E31EEAA2E200D65C9F /* VideoTableViewCell.swift */; };
		E10B34EB1EEAA65800D65C9F /* ActionMenuView.swift in Sources */ = {isa = PBXBuildFile; fileRef = E10B34E61EEAA65800D65C9F /* ActionMenuView.swift */; };
		E10B34EC1EEAA65800D65C9F /* MyBottomMenuView.swift in Sources */ = {isa = PBXBuildFile; fileRef = E10B34E71EEAA65800D65C9F /* MyBottomMenuView.swift */; };
		E10B34ED1EEAA65800D65C9F /* MyLoadingView.swift in Sources */ = {isa = PBXBuildFile; fileRef = E10B34E81EEAA65800D65C9F /* MyLoadingView.swift */; };
		E10B34EE1EEAA65800D65C9F /* ToastView.swift in Sources */ = {isa = PBXBuildFile; fileRef = E10B34E91EEAA65800D65C9F /* ToastView.swift */; };
		E10B34EF1EEAA65800D65C9F /* WaitView.swift in Sources */ = {isa = PBXBuildFile; fileRef = E10B34EA1EEAA65800D65C9F /* WaitView.swift */; };
		E10E44651CC62B3500D9992A /* Contacts.xcassets in Resources */ = {isa = PBXBuildFile; fileRef = E10E44601CC62B3500D9992A /* Contacts.xcassets */; };
		E10E44661CC62B3500D9992A /* Discover.xcassets in Resources */ = {isa = PBXBuildFile; fileRef = E10E44611CC62B3500D9992A /* Discover.xcassets */; };
		E10E44671CC62B3500D9992A /* Home.xcassets in Resources */ = {isa = PBXBuildFile; fileRef = E10E44621CC62B3500D9992A /* Home.xcassets */; };
		E10E44681CC62B3500D9992A /* Images.xcassets in Resources */ = {isa = PBXBuildFile; fileRef = E10E44631CC62B3500D9992A /* Images.xcassets */; };
		E10E44691CC62B3500D9992A /* Me.xcassets in Resources */ = {isa = PBXBuildFile; fileRef = E10E44641CC62B3500D9992A /* Me.xcassets */; };
		E10E446D1CC62BA700D9992A /* Navigation.xcassets in Resources */ = {isa = PBXBuildFile; fileRef = E10E446C1CC62BA700D9992A /* Navigation.xcassets */; };
		E126FD101CFD6E7700DAFF84 /* AppDelegate.swift in Sources */ = {isa = PBXBuildFile; fileRef = E126FD0A1CFD6E7700DAFF84 /* AppDelegate.swift */; };
		E126FD151CFD6E7700DAFF84 /* TabbarViewController.swift in Sources */ = {isa = PBXBuildFile; fileRef = E126FD0F1CFD6E7700DAFF84 /* TabbarViewController.swift */; };
		E12A38B51EEA78BE00755C6C /* FindViewController.swift in Sources */ = {isa = PBXBuildFile; fileRef = E12A38B41EEA78BE00755C6C /* FindViewController.swift */; };
		E12A38B71EEA794000755C6C /* FindTableViewCell.swift in Sources */ = {isa = PBXBuildFile; fileRef = E12A38B61EEA794000755C6C /* FindTableViewCell.swift */; };
		E12A38B91EEA795700755C6C /* FindDataModel.swift in Sources */ = {isa = PBXBuildFile; fileRef = E12A38B81EEA795700755C6C /* FindDataModel.swift */; };
		E14197D01CA1A6BE00EDD443 /* Main.storyboard in Resources */ = {isa = PBXBuildFile; fileRef = E14197CE1CA1A6BE00EDD443 /* Main.storyboard */; };
		E14197D51CA1A6BE00EDD443 /* LaunchScreen.storyboard in Resources */ = {isa = PBXBuildFile; fileRef = E14197D31CA1A6BE00EDD443 /* LaunchScreen.storyboard */; };
		E14407F11EEE690800C8E23B /* FindPetsMoreView.swift in Sources */ = {isa = PBXBuildFile; fileRef = E14407F01EEE690800C8E23B /* FindPetsMoreView.swift */; };
		E14407F31EEE73CF00C8E23B /* MCYTableView.swift in Sources */ = {isa = PBXBuildFile; fileRef = E14407F21EEE73CF00C8E23B /* MCYTableView.swift */; };
		E14407F51EEEA0D600C8E23B /* ShopCarViewController.swift in Sources */ = {isa = PBXBuildFile; fileRef = E14407F41EEEA0D600C8E23B /* ShopCarViewController.swift */; };
		E17528541ED3E8AE00269EDF /* CycleView.swift in Sources */ = {isa = PBXBuildFile; fileRef = E175284F1ED3E8AE00269EDF /* CycleView.swift */; };
		E17528551ED3E8AE00269EDF /* SearchTableViewCell.swift in Sources */ = {isa = PBXBuildFile; fileRef = E17528501ED3E8AE00269EDF /* SearchTableViewCell.swift */; };
		E17528561ED3E8AE00269EDF /* SellBuyCollectionFooterView.swift in Sources */ = {isa = PBXBuildFile; fileRef = E17528511ED3E8AE00269EDF /* SellBuyCollectionFooterView.swift */; };
		E17528571ED3E8AE00269EDF /* SellBuyCollectionHeaderView.swift in Sources */ = {isa = PBXBuildFile; fileRef = E17528521ED3E8AE00269EDF /* SellBuyCollectionHeaderView.swift */; };
		E17528581ED3E8AE00269EDF /* SellBuyCollectionViewCell.swift in Sources */ = {isa = PBXBuildFile; fileRef = E17528531ED3E8AE00269EDF /* SellBuyCollectionViewCell.swift */; };
		E17528601ED3E95300269EDF /* SearchRecordModel.swift in Sources */ = {isa = PBXBuildFile; fileRef = E175285E1ED3E95300269EDF /* SearchRecordModel.swift */; };
		E17528611ED3E95300269EDF /* SellBuyCollectionModel.swift in Sources */ = {isa = PBXBuildFile; fileRef = E175285F1ED3E95300269EDF /* SellBuyCollectionModel.swift */; };
		E17528661ED4034D00269EDF /* SearchResultViewController.swift in Sources */ = {isa = PBXBuildFile; fileRef = E17528631ED4034D00269EDF /* SearchResultViewController.swift */; };
		E17528671ED4034D00269EDF /* SearchViewController.swift in Sources */ = {isa = PBXBuildFile; fileRef = E17528641ED4034D00269EDF /* SearchViewController.swift */; };
		E17528681ED4034D00269EDF /* SellBuyViewController.swift in Sources */ = {isa = PBXBuildFile; fileRef = E17528651ED4034D00269EDF /* SellBuyViewController.swift */; };
		E17528711ED4048E00269EDF /* PersonInfoDataModel.swift in Sources */ = {isa = PBXBuildFile; fileRef = E175286E1ED4048E00269EDF /* PersonInfoDataModel.swift */; };
		E17528721ED4048E00269EDF /* MeDataModel.swift in Sources */ = {isa = PBXBuildFile; fileRef = E175286F1ED4048E00269EDF /* MeDataModel.swift */; };
		E17528731ED4048E00269EDF /* SettingDataModel.swift in Sources */ = {isa = PBXBuildFile; fileRef = E17528701ED4048E00269EDF /* SettingDataModel.swift */; };
		E17528771ED4049900269EDF /* PersonInfoTableViewCell.swift in Sources */ = {isa = PBXBuildFile; fileRef = E17528741ED4049900269EDF /* PersonInfoTableViewCell.swift */; };
		E17528781ED4049900269EDF /* SettingTableViewCell.swift in Sources */ = {isa = PBXBuildFile; fileRef = E17528751ED4049900269EDF /* SettingTableViewCell.swift */; };
		E17528791ED4049900269EDF /* MeViewCell.swift in Sources */ = {isa = PBXBuildFile; fileRef = E17528761ED4049900269EDF /* MeViewCell.swift */; };
		E17528801ED404A400269EDF /* Setting_CommonFuncViewController.swift in Sources */ = {isa = PBXBuildFile; fileRef = E175287A1ED404A400269EDF /* Setting_CommonFuncViewController.swift */; };
		E17528811ED404A400269EDF /* PersonInfo_IconViewController.swift in Sources */ = {isa = PBXBuildFile; fileRef = E175287B1ED404A400269EDF /* PersonInfo_IconViewController.swift */; };
		E17528821ED404A400269EDF /* PersonInfo_TDCodeImageViewController.swift in Sources */ = {isa = PBXBuildFile; fileRef = E175287C1ED404A400269EDF /* PersonInfo_TDCodeImageViewController.swift */; };
		E17528831ED404A400269EDF /* PersonInfo_ChangeNameViewController.swift in Sources */ = {isa = PBXBuildFile; fileRef = E175287D1ED404A400269EDF /* PersonInfo_ChangeNameViewController.swift */; };
		E17528841ED404A400269EDF /* PersonInfoViewController.swift in Sources */ = {isa = PBXBuildFile; fileRef = E175287E1ED404A400269EDF /* PersonInfoViewController.swift */; };
		E17528851ED404A400269EDF /* SettingViewController.swift in Sources */ = {isa = PBXBuildFile; fileRef = E175287F1ED404A400269EDF /* SettingViewController.swift */; };
		E17528871ED404FB00269EDF /* MeViewController.swift in Sources */ = {isa = PBXBuildFile; fileRef = E17528861ED404FB00269EDF /* MeViewController.swift */; };
		E17528901ED406A500269EDF /* FindPetsViewController.swift in Sources */ = {isa = PBXBuildFile; fileRef = E175288E1ED406A500269EDF /* FindPetsViewController.swift */; };
		E17528911ED406A500269EDF /* SendFindMyPetsInfoViewController.swift in Sources */ = {isa = PBXBuildFile; fileRef = E175288F1ED406A500269EDF /* SendFindMyPetsInfoViewController.swift */; };
		E17528951ED406AD00269EDF /* FindPetsCellFrameModel.swift in Sources */ = {isa = PBXBuildFile; fileRef = E17528921ED406AD00269EDF /* FindPetsCellFrameModel.swift */; };
		E17528961ED406AD00269EDF /* FindPetsCellModel.swift in Sources */ = {isa = PBXBuildFile; fileRef = E17528931ED406AD00269EDF /* FindPetsCellModel.swift */; };
		E17528971ED406AD00269EDF /* SendFindMyPetsInfoModel.swift in Sources */ = {isa = PBXBuildFile; fileRef = E17528941ED406AD00269EDF /* SendFindMyPetsInfoModel.swift */; };
		E175289A1ED406BB00269EDF /* FindPetsTableViewCell.swift in Sources */ = {isa = PBXBuildFile; fileRef = E17528981ED406BB00269EDF /* FindPetsTableViewCell.swift */; };
		E175289B1ED406BB00269EDF /* SendFindMyPetsInfoTableViewCell.swift in Sources */ = {isa = PBXBuildFile; fileRef = E17528991ED406BB00269EDF /* SendFindMyPetsInfoTableViewCell.swift */; };
		E17528A01ED406C600269EDF /* ChatViewController.swift in Sources */ = {isa = PBXBuildFile; fileRef = E175289C1ED406C600269EDF /* ChatViewController.swift */; };
		E17528A11ED406C600269EDF /* ContectorListViewController.swift in Sources */ = {isa = PBXBuildFile; fileRef = E175289D1ED406C600269EDF /* ContectorListViewController.swift */; };
		E17528A21ED406C600269EDF /* MainChatListViewController.swift in Sources */ = {isa = PBXBuildFile; fileRef = E175289E1ED406C600269EDF /* MainChatListViewController.swift */; };
		E17528A31ED406C600269EDF /* ContectorInfoViewController.swift in Sources */ = {isa = PBXBuildFile; fileRef = E175289F1ED406C600269EDF /* ContectorInfoViewController.swift */; };
		E17528AC1ED406D000269EDF /* BubbleItem.swift in Sources */ = {isa = PBXBuildFile; fileRef = E17528A41ED406D000269EDF /* BubbleItem.swift */; };
		E17528AD1ED406D000269EDF /* ChatData.swift in Sources */ = {isa = PBXBuildFile; fileRef = E17528A51ED406D000269EDF /* ChatData.swift */; };
		E17528AE1ED406D000269EDF /* ContectorListViewDataModel.swift in Sources */ = {isa = PBXBuildFile; fileRef = E17528A61ED406D000269EDF /* ContectorListViewDataModel.swift */; };
		E17528AF1ED406D000269EDF /* ContectorModel.swift in Sources */ = {isa = PBXBuildFile; fileRef = E17528A71ED406D000269EDF /* ContectorModel.swift */; };
		E17528B01ED406D000269EDF /* ContectorInfoViewDataModel.swift in Sources */ = {isa = PBXBuildFile; fileRef = E17528A81ED406D000269EDF /* ContectorInfoViewDataModel.swift */; };
		E17528B11ED406D000269EDF /* MainChatListViewDataModel.swift in Sources */ = {isa = PBXBuildFile; fileRef = E17528A91ED406D000269EDF /* MainChatListViewDataModel.swift */; };
		E17528B21ED406D000269EDF /* MessageItem.swift in Sources */ = {isa = PBXBuildFile; fileRef = E17528AA1ED406D000269EDF /* MessageItem.swift */; };
		E17528B31ED406D000269EDF /* UserInfo.swift in Sources */ = {isa = PBXBuildFile; fileRef = E17528AB1ED406D000269EDF /* UserInfo.swift */; };
		E17528BA1ED406DC00269EDF /* ChatTableHeaderViewCell.swift in Sources */ = {isa = PBXBuildFile; fileRef = E17528B41ED406DC00269EDF /* ChatTableHeaderViewCell.swift */; };
		E17528BB1ED406DC00269EDF /* ChatTableView.swift in Sources */ = {isa = PBXBuildFile; fileRef = E17528B51ED406DC00269EDF /* ChatTableView.swift */; };
		E17528BC1ED406DC00269EDF /* ChatTableViewCell.swift in Sources */ = {isa = PBXBuildFile; fileRef = E17528B61ED406DC00269EDF /* ChatTableViewCell.swift */; };
		E17528BD1ED406DC00269EDF /* ContectorListTableViewCell.swift in Sources */ = {isa = PBXBuildFile; fileRef = E17528B71ED406DC00269EDF /* ContectorListTableViewCell.swift */; };
		E17528BE1ED406DC00269EDF /* ContectorInfoTableViewCell.swift in Sources */ = {isa = PBXBuildFile; fileRef = E17528B81ED406DC00269EDF /* ContectorInfoTableViewCell.swift */; };
		E17528BF1ED406DC00269EDF /* MainChatTableViewCell.swift in Sources */ = {isa = PBXBuildFile; fileRef = E17528B91ED406DC00269EDF /* MainChatTableViewCell.swift */; };
		E17528C61ED4090B00269EDF /* Setting.xcassets in Resources */ = {isa = PBXBuildFile; fileRef = E17528C51ED4090B00269EDF /* Setting.xcassets */; };
		E17528C81ED4091D00269EDF /* Chat.xcassets in Resources */ = {isa = PBXBuildFile; fileRef = E17528C71ED4091D00269EDF /* Chat.xcassets */; };
		E17528CA1ED4092B00269EDF /* FindPets.xcassets in Resources */ = {isa = PBXBuildFile; fileRef = E17528C91ED4092B00269EDF /* FindPets.xcassets */; };
		E17528CD1ED4094700269EDF /* SellBuy.xcassets in Resources */ = {isa = PBXBuildFile; fileRef = E17528CB1ED4094700269EDF /* SellBuy.xcassets */; };
		E17528D11ED409B100269EDF /* iPets.xcdatamodeld in Sources */ = {isa = PBXBuildFile; fileRef = E17528CF1ED409B100269EDF /* iPets.xcdatamodeld */; };
		E17528D51ED40A5A00269EDF /* InternetExplorerViewController.swift in Sources */ = {isa = PBXBuildFile; fileRef = E17528D31ED40A5A00269EDF /* InternetExplorerViewController.swift */; };
		E17528D61ED40A5A00269EDF /* RichScanViewController.swift in Sources */ = {isa = PBXBuildFile; fileRef = E17528D41ED40A5A00269EDF /* RichScanViewController.swift */; };
		E17528E81ED40B0F00269EDF /* Protocol.swift in Sources */ = {isa = PBXBuildFile; fileRef = E17528E61ED40B0F00269EDF /* Protocol.swift */; };
		E17528E91ED40B0F00269EDF /* UniversalConstants.swift in Sources */ = {isa = PBXBuildFile; fileRef = E17528E71ED40B0F00269EDF /* UniversalConstants.swift */; };
		E17528F11ED40B1800269EDF /* AutoLayout.swift in Sources */ = {isa = PBXBuildFile; fileRef = E17528EA1ED40B1800269EDF /* AutoLayout.swift */; };
		E17528F21ED40B1800269EDF /* ChangeValue.swift in Sources */ = {isa = PBXBuildFile; fileRef = E17528EB1ED40B1800269EDF /* ChangeValue.swift */; };
		E17528F31ED40B1800269EDF /* DateToToString.swift in Sources */ = {isa = PBXBuildFile; fileRef = E17528EC1ED40B1800269EDF /* DateToToString.swift */; };
		E17528F41ED40B1800269EDF /* Extension.swift in Sources */ = {isa = PBXBuildFile; fileRef = E17528ED1ED40B1800269EDF /* Extension.swift */; };
		E17528F51ED40B1800269EDF /* GetMyInfo.swift in Sources */ = {isa = PBXBuildFile; fileRef = E17528EE1ED40B1800269EDF /* GetMyInfo.swift */; };
		E17528F61ED40B1800269EDF /* PinYinString.swift in Sources */ = {isa = PBXBuildFile; fileRef = E17528EF1ED40B1800269EDF /* PinYinString.swift */; };
		E17528F71ED40B1800269EDF /* UniversalFuncs.swift in Sources */ = {isa = PBXBuildFile; fileRef = E17528F01ED40B1800269EDF /* UniversalFuncs.swift */; };
		E17528FC1ED40B7600269EDF /* CustomDismissAnimationController.swift in Sources */ = {isa = PBXBuildFile; fileRef = E17528F91ED40B7600269EDF /* CustomDismissAnimationController.swift */; };
		E17528FD1ED40B7600269EDF /* CustomPresentAnimationController.swift in Sources */ = {isa = PBXBuildFile; fileRef = E17528FA1ED40B7600269EDF /* CustomPresentAnimationController.swift */; };
		E17528FE1ED40B7600269EDF /* PushAndPopAnimation.swift in Sources */ = {isa = PBXBuildFile; fileRef = E17528FB1ED40B7600269EDF /* PushAndPopAnimation.swift */; };
		E17529001ED40CE900269EDF /* Assets.xcassets in Resources */ = {isa = PBXBuildFile; fileRef = E17528FF1ED40CE900269EDF /* Assets.xcassets */; };
		E1ADD75D1ED6CD29000BCBC4 /* MyTimer.swift in Sources */ = {isa = PBXBuildFile; fileRef = E1ADD75C1ED6CD29000BCBC4 /* MyTimer.swift */; };
		E1ADD75F1EDFE899000BCBC4 /* Temp.xcassets in Resources */ = {isa = PBXBuildFile; fileRef = E1ADD75E1EDFE899000BCBC4 /* Temp.xcassets */; };
		E1DE0E631EEA918600CF580D /* AVSDKExtension.swift in Sources */ = {isa = PBXBuildFile; fileRef = E1DE0E5C1EEA918600CF580D /* AVSDKExtension.swift */; };
		E1DE0E641EEA918600CF580D /* BaseVideoView.swift in Sources */ = {isa = PBXBuildFile; fileRef = E1DE0E5D1EEA918600CF580D /* BaseVideoView.swift */; };
		E1DE0E651EEA918600CF580D /* SetMaskView.swift in Sources */ = {isa = PBXBuildFile; fileRef = E1DE0E5E1EEA918600CF580D /* SetMaskView.swift */; };
		E1DE0E661EEA918600CF580D /* Video.xcassets in Resources */ = {isa = PBXBuildFile; fileRef = E1DE0E5F1EEA918600CF580D /* Video.xcassets */; };
		E1DE0E671EEA918600CF580D /* VideoFuncs.swift in Sources */ = {isa = PBXBuildFile; fileRef = E1DE0E601EEA918600CF580D /* VideoFuncs.swift */; };
		E1DE0E681EEA918600CF580D /* VideoPlayerView.swift in Sources */ = {isa = PBXBuildFile; fileRef = E1DE0E611EEA918600CF580D /* VideoPlayerView.swift */; };
		E1DE0E691EEA918600CF580D /* VideoSlider.swift in Sources */ = {isa = PBXBuildFile; fileRef = E1DE0E621EEA918600CF580D /* VideoSlider.swift */; };
		E1DE0E6C1EEA919F00CF580D /* CanCopyImageView.swift in Sources */ = {isa = PBXBuildFile; fileRef = E1DE0E6A1EEA919F00CF580D /* CanCopyImageView.swift */; };
		E1DE0E6D1EEA919F00CF580D /* CanCopyLabel.swift in Sources */ = {isa = PBXBuildFile; fileRef = E1DE0E6B1EEA919F00CF580D /* CanCopyLabel.swift */; };
		E1DE0E741EEA91BA00CF580D /* Cache.swift in Sources */ = {isa = PBXBuildFile; fileRef = E1DE0E6E1EEA91BA00CF580D /* Cache.swift */; };
		E1DE0E751EEA91BA00CF580D /* CacheConstants.swift in Sources */ = {isa = PBXBuildFile; fileRef = E1DE0E6F1EEA91BA00CF580D /* CacheConstants.swift */; };
		E1DE0E761EEA91BA00CF580D /* DBConstants.swift in Sources */ = {isa = PBXBuildFile; fileRef = E1DE0E701EEA91BA00CF580D /* DBConstants.swift */; };
		E1DE0E771EEA91BA00CF580D /* SaveCacheDataModel.swift in Sources */ = {isa = PBXBuildFile; fileRef = E1DE0E711EEA91BA00CF580D /* SaveCacheDataModel.swift */; };
		E1DE0E781EEA91BA00CF580D /* SaveDataModel.swift in Sources */ = {isa = PBXBuildFile; fileRef = E1DE0E721EEA91BA00CF580D /* SaveDataModel.swift */; };
		E1DE0E791EEA91BA00CF580D /* SQLLine.swift in Sources */ = {isa = PBXBuildFile; fileRef = E1DE0E731EEA91BA00CF580D /* SQLLine.swift */; };
		E1DE0E7E1EEA91FA00CF580D /* LoadingPicView.swift in Sources */ = {isa = PBXBuildFile; fileRef = E1DE0E7B1EEA91FA00CF580D /* LoadingPicView.swift */; };
		E1DE0E7F1EEA91FA00CF580D /* NetFuncs.swift in Sources */ = {isa = PBXBuildFile; fileRef = E1DE0E7C1EEA91FA00CF580D /* NetFuncs.swift */; };
		E1DE0E821EEA926900CF580D /* PicsBrowserView.swift in Sources */ = {isa = PBXBuildFile; fileRef = E1DE0E801EEA926900CF580D /* PicsBrowserView.swift */; };
		E1DE0E831EEA926900CF580D /* ShowSinglePicView.swift in Sources */ = {isa = PBXBuildFile; fileRef = E1DE0E811EEA926900CF580D /* ShowSinglePicView.swift */; };
		E1DE0E881EEA928600CF580D /* ImageChooseFuncs.swift in Sources */ = {isa = PBXBuildFile; fileRef = E1DE0E841EEA928600CF580D /* ImageChooseFuncs.swift */; };
		E1DE0E891EEA928600CF580D /* ImageCollectionModel.swift in Sources */ = {isa = PBXBuildFile; fileRef = E1DE0E851EEA928600CF580D /* ImageCollectionModel.swift */; };
		E1DE0E8A1EEA928600CF580D /* ImageCollectionViewCell.swift in Sources */ = {isa = PBXBuildFile; fileRef = E1DE0E861EEA928600CF580D /* ImageCollectionViewCell.swift */; };
		E1DE0E8B1EEA928600CF580D /* ImageCollectionViewController.swift in Sources */ = {isa = PBXBuildFile; fileRef = E1DE0E871EEA928600CF580D /* ImageCollectionViewController.swift */; };
		E1DE0E9B1EEA94B200CF580D /* NewsChannelView.swift in Sources */ = {isa = PBXBuildFile; fileRef = E1DE0E981EEA94B200CF580D /* NewsChannelView.swift */; };
		E1DE0E9C1EEA94B200CF580D /* NewsHeaderView.swift in Sources */ = {isa = PBXBuildFile; fileRef = E1DE0E991EEA94B200CF580D /* NewsHeaderView.swift */; };
		E1DE0E9D1EEA94B200CF580D /* NewsTableViewCell.swift in Sources */ = {isa = PBXBuildFile; fileRef = E1DE0E9A1EEA94B200CF580D /* NewsTableViewCell.swift */; };
		E1DE0EA51EEA94BA00CF580D /* ArticleNetConstant.swift in Sources */ = {isa = PBXBuildFile; fileRef = E1DE0E9E1EEA94BA00CF580D /* ArticleNetConstant.swift */; };
		E1DE0EA61EEA94BA00CF580D /* DataFormat.swift in Sources */ = {isa = PBXBuildFile; fileRef = E1DE0E9F1EEA94BA00CF580D /* DataFormat.swift */; };
		E1DE0EA71EEA94BA00CF580D /* JsonCache.swift in Sources */ = {isa = PBXBuildFile; fileRef = E1DE0EA01EEA94BA00CF580D /* JsonCache.swift */; };
		E1DE0EA81EEA94BA00CF580D /* NetConstant.swift in Sources */ = {isa = PBXBuildFile; fileRef = E1DE0EA11EEA94BA00CF580D /* NetConstant.swift */; };
		E1DE0EA91EEA94BA00CF580D /* NewsConstants.swift in Sources */ = {isa = PBXBuildFile; fileRef = E1DE0EA21EEA94BA00CF580D /* NewsConstants.swift */; };
		E1DE0EAA1EEA94BA00CF580D /* NewsExtension.swift in Sources */ = {isa = PBXBuildFile; fileRef = E1DE0EA31EEA94BA00CF580D /* NewsExtension.swift */; };
		E1DE0EAB1EEA94BA00CF580D /* TabNetConstant.swift in Sources */ = {isa = PBXBuildFile; fileRef = E1DE0EA41EEA94BA00CF580D /* TabNetConstant.swift */; };
		E1DE0EB11EEA94C000CF580D /* JsonToModule.swift in Sources */ = {isa = PBXBuildFile; fileRef = E1DE0EAC1EEA94C000CF580D /* JsonToModule.swift */; };
		E1DE0EB21EEA94C000CF580D /* LocalNewsDataModule.swift in Sources */ = {isa = PBXBuildFile; fileRef = E1DE0EAD1EEA94C000CF580D /* LocalNewsDataModule.swift */; };
		E1DE0EB31EEA94C000CF580D /* NewsDataModule.swift in Sources */ = {isa = PBXBuildFile; fileRef = E1DE0EAE1EEA94C000CF580D /* NewsDataModule.swift */; };
		E1DE0EB41EEA94C000CF580D /* NewsHeaderDataModule.swift in Sources */ = {isa = PBXBuildFile; fileRef = E1DE0EAF1EEA94C000CF580D /* NewsHeaderDataModule.swift */; };
		E1DE0EB51EEA94C000CF580D /* PicsDataModule.swift in Sources */ = {isa = PBXBuildFile; fileRef = E1DE0EB01EEA94C000CF580D /* PicsDataModule.swift */; };
		E1DE0EBA1EEA94CC00CF580D /* LocalH5NewsViewController.swift in Sources */ = {isa = PBXBuildFile; fileRef = E1DE0EB61EEA94CC00CF580D /* LocalH5NewsViewController.swift */; };
		E1DE0EBB1EEA94CC00CF580D /* NewsRootViewController.swift in Sources */ = {isa = PBXBuildFile; fileRef = E1DE0EB71EEA94CC00CF580D /* NewsRootViewController.swift */; };
		E1DE0EBC1EEA94CC00CF580D /* NewsViewController.swift in Sources */ = {isa = PBXBuildFile; fileRef = E1DE0EB81EEA94CC00CF580D /* NewsViewController.swift */; };
		E1DE0EBD1EEA94CC00CF580D /* WebViewController.swift in Sources */ = {isa = PBXBuildFile; fileRef = E1DE0EB91EEA94CC00CF580D /* WebViewController.swift */; };
/* End PBXBuildFile section */

/* Begin PBXCopyFilesBuildPhase section */
		E1A6A7291D11B7F600A334B5 /* Embed Frameworks */ = {
			isa = PBXCopyFilesBuildPhase;
			buildActionMask = 2147483647;
			dstPath = "";
			dstSubfolderSpec = 10;
			files = (
			);
			name = "Embed Frameworks";
			runOnlyForDeploymentPostprocessing = 0;
		};
/* End PBXCopyFilesBuildPhase section */

/* Begin PBXFileReference section */
		1E5E34788EAF7E5842AB3455 /* Pods-iPets.debug.xcconfig */ = {isa = PBXFileReference; includeInIndex = 1; lastKnownFileType = text.xcconfig; name = "Pods-iPets.debug.xcconfig"; path = "Pods/Target Support Files/Pods-iPets/Pods-iPets.debug.xcconfig"; sourceTree = "<group>"; };
		626BBE37DA2AA08F813BF74C /* Pods-iPets.release.xcconfig */ = {isa = PBXFileReference; includeInIndex = 1; lastKnownFileType = text.xcconfig; name = "Pods-iPets.release.xcconfig"; path = "Pods/Target Support Files/Pods-iPets/Pods-iPets.release.xcconfig"; sourceTree = "<group>"; };
		C0F66AE3DDCC948CA07F7880 /* Pods_iPets.framework */ = {isa = PBXFileReference; explicitFileType = wrapper.framework; includeInIndex = 0; path = Pods_iPets.framework; sourceTree = BUILT_PRODUCTS_DIR; };
		E10B34DA1EEA9D4D00D65C9F /* ShowPicViewController.swift */ = {isa = PBXFileReference; fileEncoding = 4; lastKnownFileType = sourcecode.swift; path = ShowPicViewController.swift; sourceTree = "<group>"; };
		E10B34DC1EEA9E0100D65C9F /* LocalNews.js */ = {isa = PBXFileReference; fileEncoding = 4; lastKnownFileType = sourcecode.javascript; path = LocalNews.js; sourceTree = "<group>"; };
		E10B34E11EEAA2D500D65C9F /* VideoViewController.swift */ = {isa = PBXFileReference; fileEncoding = 4; lastKnownFileType = sourcecode.swift; path = VideoViewController.swift; sourceTree = "<group>"; };
		E10B34E31EEAA2E200D65C9F /* VideoTableViewCell.swift */ = {isa = PBXFileReference; fileEncoding = 4; lastKnownFileType = sourcecode.swift; path = VideoTableViewCell.swift; sourceTree = "<group>"; };
		E10B34E61EEAA65800D65C9F /* ActionMenuView.swift */ = {isa = PBXFileReference; fileEncoding = 4; lastKnownFileType = sourcecode.swift; name = ActionMenuView.swift; path = MCYViewSDK/ActionMenuView.swift; sourceTree = "<group>"; };
		E10B34E71EEAA65800D65C9F /* MyBottomMenuView.swift */ = {isa = PBXFileReference; fileEncoding = 4; lastKnownFileType = sourcecode.swift; name = MyBottomMenuView.swift; path = MCYViewSDK/MyBottomMenuView.swift; sourceTree = "<group>"; };
		E10B34E81EEAA65800D65C9F /* MyLoadingView.swift */ = {isa = PBXFileReference; fileEncoding = 4; lastKnownFileType = sourcecode.swift; name = MyLoadingView.swift; path = MCYViewSDK/MyLoadingView.swift; sourceTree = "<group>"; };
		E10B34E91EEAA65800D65C9F /* ToastView.swift */ = {isa = PBXFileReference; fileEncoding = 4; lastKnownFileType = sourcecode.swift; name = ToastView.swift; path = MCYViewSDK/ToastView.swift; sourceTree = "<group>"; };
		E10B34EA1EEAA65800D65C9F /* WaitView.swift */ = {isa = PBXFileReference; fileEncoding = 4; lastKnownFileType = sourcecode.swift; name = WaitView.swift; path = MCYViewSDK/WaitView.swift; sourceTree = "<group>"; };
		E10E44601CC62B3500D9992A /* Contacts.xcassets */ = {isa = PBXFileReference; lastKnownFileType = folder.assetcatalog; path = Contacts.xcassets; sourceTree = "<group>"; };
		E10E44611CC62B3500D9992A /* Discover.xcassets */ = {isa = PBXFileReference; lastKnownFileType = folder.assetcatalog; path = Discover.xcassets; sourceTree = "<group>"; };
		E10E44621CC62B3500D9992A /* Home.xcassets */ = {isa = PBXFileReference; lastKnownFileType = folder.assetcatalog; path = Home.xcassets; sourceTree = "<group>"; };
		E10E44631CC62B3500D9992A /* Images.xcassets */ = {isa = PBXFileReference; lastKnownFileType = folder.assetcatalog; path = Images.xcassets; sourceTree = "<group>"; };
		E10E44641CC62B3500D9992A /* Me.xcassets */ = {isa = PBXFileReference; lastKnownFileType = folder.assetcatalog; path = Me.xcassets; sourceTree = "<group>"; };
		E10E446C1CC62BA700D9992A /* Navigation.xcassets */ = {isa = PBXFileReference; lastKnownFileType = folder.assetcatalog; path = Navigation.xcassets; sourceTree = "<group>"; };
		E126FD0A1CFD6E7700DAFF84 /* AppDelegate.swift */ = {isa = PBXFileReference; fileEncoding = 4; lastKnownFileType = sourcecode.swift; path = AppDelegate.swift; sourceTree = "<group>"; };
		E126FD0F1CFD6E7700DAFF84 /* TabbarViewController.swift */ = {isa = PBXFileReference; fileEncoding = 4; lastKnownFileType = sourcecode.swift; path = TabbarViewController.swift; sourceTree = "<group>"; };
		E12A38B41EEA78BE00755C6C /* FindViewController.swift */ = {isa = PBXFileReference; fileEncoding = 4; lastKnownFileType = sourcecode.swift; path = FindViewController.swift; sourceTree = "<group>"; };
		E12A38B61EEA794000755C6C /* FindTableViewCell.swift */ = {isa = PBXFileReference; fileEncoding = 4; lastKnownFileType = sourcecode.swift; path = FindTableViewCell.swift; sourceTree = "<group>"; };
		E12A38B81EEA795700755C6C /* FindDataModel.swift */ = {isa = PBXFileReference; fileEncoding = 4; lastKnownFileType = sourcecode.swift; path = FindDataModel.swift; sourceTree = "<group>"; };
		E14197C71CA1A6BE00EDD443 /* iPets.app */ = {isa = PBXFileReference; explicitFileType = wrapper.application; includeInIndex = 0; path = iPets.app; sourceTree = BUILT_PRODUCTS_DIR; };
		E14197CF1CA1A6BE00EDD443 /* Base */ = {isa = PBXFileReference; lastKnownFileType = file.storyboard; name = Base; path = Base.lproj/Main.storyboard; sourceTree = "<group>"; };
		E14197D41CA1A6BE00EDD443 /* Base */ = {isa = PBXFileReference; lastKnownFileType = file.storyboard; name = Base; path = Base.lproj/LaunchScreen.storyboard; sourceTree = "<group>"; };
		E14197F01CA1AB9A00EDD443 /* Info.plist */ = {isa = PBXFileReference; fileEncoding = 4; lastKnownFileType = text.plist.xml; name = Info.plist; path = iPets/Info.plist; sourceTree = SOURCE_ROOT; };
		E14407F01EEE690800C8E23B /* FindPetsMoreView.swift */ = {isa = PBXFileReference; fileEncoding = 4; lastKnownFileType = sourcecode.swift; path = FindPetsMoreView.swift; sourceTree = "<group>"; };
		E14407F21EEE73CF00C8E23B /* MCYTableView.swift */ = {isa = PBXFileReference; fileEncoding = 4; lastKnownFileType = sourcecode.swift; path = MCYTableView.swift; sourceTree = "<group>"; };
		E14407F41EEEA0D600C8E23B /* ShopCarViewController.swift */ = {isa = PBXFileReference; fileEncoding = 4; lastKnownFileType = sourcecode.swift; path = ShopCarViewController.swift; sourceTree = "<group>"; };
		E175284F1ED3E8AE00269EDF /* CycleView.swift */ = {isa = PBXFileReference; fileEncoding = 4; lastKnownFileType = sourcecode.swift; path = CycleView.swift; sourceTree = "<group>"; };
		E17528501ED3E8AE00269EDF /* SearchTableViewCell.swift */ = {isa = PBXFileReference; fileEncoding = 4; lastKnownFileType = sourcecode.swift; path = SearchTableViewCell.swift; sourceTree = "<group>"; };
		E17528511ED3E8AE00269EDF /* SellBuyCollectionFooterView.swift */ = {isa = PBXFileReference; fileEncoding = 4; lastKnownFileType = sourcecode.swift; path = SellBuyCollectionFooterView.swift; sourceTree = "<group>"; };
		E17528521ED3E8AE00269EDF /* SellBuyCollectionHeaderView.swift */ = {isa = PBXFileReference; fileEncoding = 4; lastKnownFileType = sourcecode.swift; path = SellBuyCollectionHeaderView.swift; sourceTree = "<group>"; };
		E17528531ED3E8AE00269EDF /* SellBuyCollectionViewCell.swift */ = {isa = PBXFileReference; fileEncoding = 4; lastKnownFileType = sourcecode.swift; path = SellBuyCollectionViewCell.swift; sourceTree = "<group>"; };
		E175285E1ED3E95300269EDF /* SearchRecordModel.swift */ = {isa = PBXFileReference; fileEncoding = 4; lastKnownFileType = sourcecode.swift; path = SearchRecordModel.swift; sourceTree = "<group>"; };
		E175285F1ED3E95300269EDF /* SellBuyCollectionModel.swift */ = {isa = PBXFileReference; fileEncoding = 4; lastKnownFileType = sourcecode.swift; path = SellBuyCollectionModel.swift; sourceTree = "<group>"; };
		E17528631ED4034D00269EDF /* SearchResultViewController.swift */ = {isa = PBXFileReference; fileEncoding = 4; lastKnownFileType = sourcecode.swift; path = SearchResultViewController.swift; sourceTree = "<group>"; };
		E17528641ED4034D00269EDF /* SearchViewController.swift */ = {isa = PBXFileReference; fileEncoding = 4; lastKnownFileType = sourcecode.swift; path = SearchViewController.swift; sourceTree = "<group>"; };
		E17528651ED4034D00269EDF /* SellBuyViewController.swift */ = {isa = PBXFileReference; fileEncoding = 4; lastKnownFileType = sourcecode.swift; path = SellBuyViewController.swift; sourceTree = "<group>"; };
		E175286E1ED4048E00269EDF /* PersonInfoDataModel.swift */ = {isa = PBXFileReference; fileEncoding = 4; lastKnownFileType = sourcecode.swift; path = PersonInfoDataModel.swift; sourceTree = "<group>"; };
		E175286F1ED4048E00269EDF /* MeDataModel.swift */ = {isa = PBXFileReference; fileEncoding = 4; lastKnownFileType = sourcecode.swift; path = MeDataModel.swift; sourceTree = "<group>"; };
		E17528701ED4048E00269EDF /* SettingDataModel.swift */ = {isa = PBXFileReference; fileEncoding = 4; lastKnownFileType = sourcecode.swift; path = SettingDataModel.swift; sourceTree = "<group>"; };
		E17528741ED4049900269EDF /* PersonInfoTableViewCell.swift */ = {isa = PBXFileReference; fileEncoding = 4; lastKnownFileType = sourcecode.swift; path = PersonInfoTableViewCell.swift; sourceTree = "<group>"; };
		E17528751ED4049900269EDF /* SettingTableViewCell.swift */ = {isa = PBXFileReference; fileEncoding = 4; lastKnownFileType = sourcecode.swift; path = SettingTableViewCell.swift; sourceTree = "<group>"; };
		E17528761ED4049900269EDF /* MeViewCell.swift */ = {isa = PBXFileReference; fileEncoding = 4; lastKnownFileType = sourcecode.swift; path = MeViewCell.swift; sourceTree = "<group>"; };
		E175287A1ED404A400269EDF /* Setting_CommonFuncViewController.swift */ = {isa = PBXFileReference; fileEncoding = 4; lastKnownFileType = sourcecode.swift; path = Setting_CommonFuncViewController.swift; sourceTree = "<group>"; };
		E175287B1ED404A400269EDF /* PersonInfo_IconViewController.swift */ = {isa = PBXFileReference; fileEncoding = 4; lastKnownFileType = sourcecode.swift; path = PersonInfo_IconViewController.swift; sourceTree = "<group>"; };
		E175287C1ED404A400269EDF /* PersonInfo_TDCodeImageViewController.swift */ = {isa = PBXFileReference; fileEncoding = 4; lastKnownFileType = sourcecode.swift; path = PersonInfo_TDCodeImageViewController.swift; sourceTree = "<group>"; };
		E175287D1ED404A400269EDF /* PersonInfo_ChangeNameViewController.swift */ = {isa = PBXFileReference; fileEncoding = 4; lastKnownFileType = sourcecode.swift; path = PersonInfo_ChangeNameViewController.swift; sourceTree = "<group>"; };
		E175287E1ED404A400269EDF /* PersonInfoViewController.swift */ = {isa = PBXFileReference; fileEncoding = 4; lastKnownFileType = sourcecode.swift; path = PersonInfoViewController.swift; sourceTree = "<group>"; };
		E175287F1ED404A400269EDF /* SettingViewController.swift */ = {isa = PBXFileReference; fileEncoding = 4; lastKnownFileType = sourcecode.swift; path = SettingViewController.swift; sourceTree = "<group>"; };
		E17528861ED404FB00269EDF /* MeViewController.swift */ = {isa = PBXFileReference; fileEncoding = 4; lastKnownFileType = sourcecode.swift; path = MeViewController.swift; sourceTree = "<group>"; };
		E175288E1ED406A500269EDF /* FindPetsViewController.swift */ = {isa = PBXFileReference; fileEncoding = 4; lastKnownFileType = sourcecode.swift; path = FindPetsViewController.swift; sourceTree = "<group>"; };
		E175288F1ED406A500269EDF /* SendFindMyPetsInfoViewController.swift */ = {isa = PBXFileReference; fileEncoding = 4; lastKnownFileType = sourcecode.swift; path = SendFindMyPetsInfoViewController.swift; sourceTree = "<group>"; };
		E17528921ED406AD00269EDF /* FindPetsCellFrameModel.swift */ = {isa = PBXFileReference; fileEncoding = 4; lastKnownFileType = sourcecode.swift; path = FindPetsCellFrameModel.swift; sourceTree = "<group>"; };
		E17528931ED406AD00269EDF /* FindPetsCellModel.swift */ = {isa = PBXFileReference; fileEncoding = 4; lastKnownFileType = sourcecode.swift; path = FindPetsCellModel.swift; sourceTree = "<group>"; };
		E17528941ED406AD00269EDF /* SendFindMyPetsInfoModel.swift */ = {isa = PBXFileReference; fileEncoding = 4; lastKnownFileType = sourcecode.swift; path = SendFindMyPetsInfoModel.swift; sourceTree = "<group>"; };
		E17528981ED406BB00269EDF /* FindPetsTableViewCell.swift */ = {isa = PBXFileReference; fileEncoding = 4; lastKnownFileType = sourcecode.swift; path = FindPetsTableViewCell.swift; sourceTree = "<group>"; };
		E17528991ED406BB00269EDF /* SendFindMyPetsInfoTableViewCell.swift */ = {isa = PBXFileReference; fileEncoding = 4; lastKnownFileType = sourcecode.swift; path = SendFindMyPetsInfoTableViewCell.swift; sourceTree = "<group>"; };
		E175289C1ED406C600269EDF /* ChatViewController.swift */ = {isa = PBXFileReference; fileEncoding = 4; lastKnownFileType = sourcecode.swift; path = ChatViewController.swift; sourceTree = "<group>"; };
		E175289D1ED406C600269EDF /* ContectorListViewController.swift */ = {isa = PBXFileReference; fileEncoding = 4; lastKnownFileType = sourcecode.swift; path = ContectorListViewController.swift; sourceTree = "<group>"; };
		E175289E1ED406C600269EDF /* MainChatListViewController.swift */ = {isa = PBXFileReference; fileEncoding = 4; lastKnownFileType = sourcecode.swift; path = MainChatListViewController.swift; sourceTree = "<group>"; };
		E175289F1ED406C600269EDF /* ContectorInfoViewController.swift */ = {isa = PBXFileReference; fileEncoding = 4; lastKnownFileType = sourcecode.swift; path = ContectorInfoViewController.swift; sourceTree = "<group>"; };
		E17528A41ED406D000269EDF /* BubbleItem.swift */ = {isa = PBXFileReference; fileEncoding = 4; lastKnownFileType = sourcecode.swift; path = BubbleItem.swift; sourceTree = "<group>"; };
		E17528A51ED406D000269EDF /* ChatData.swift */ = {isa = PBXFileReference; fileEncoding = 4; lastKnownFileType = sourcecode.swift; path = ChatData.swift; sourceTree = "<group>"; };
		E17528A61ED406D000269EDF /* ContectorListViewDataModel.swift */ = {isa = PBXFileReference; fileEncoding = 4; lastKnownFileType = sourcecode.swift; path = ContectorListViewDataModel.swift; sourceTree = "<group>"; };
		E17528A71ED406D000269EDF /* ContectorModel.swift */ = {isa = PBXFileReference; fileEncoding = 4; lastKnownFileType = sourcecode.swift; path = ContectorModel.swift; sourceTree = "<group>"; };
		E17528A81ED406D000269EDF /* ContectorInfoViewDataModel.swift */ = {isa = PBXFileReference; fileEncoding = 4; lastKnownFileType = sourcecode.swift; path = ContectorInfoViewDataModel.swift; sourceTree = "<group>"; };
		E17528A91ED406D000269EDF /* MainChatListViewDataModel.swift */ = {isa = PBXFileReference; fileEncoding = 4; lastKnownFileType = sourcecode.swift; path = MainChatListViewDataModel.swift; sourceTree = "<group>"; };
		E17528AA1ED406D000269EDF /* MessageItem.swift */ = {isa = PBXFileReference; fileEncoding = 4; lastKnownFileType = sourcecode.swift; path = MessageItem.swift; sourceTree = "<group>"; };
		E17528AB1ED406D000269EDF /* UserInfo.swift */ = {isa = PBXFileReference; fileEncoding = 4; lastKnownFileType = sourcecode.swift; path = UserInfo.swift; sourceTree = "<group>"; };
		E17528B41ED406DC00269EDF /* ChatTableHeaderViewCell.swift */ = {isa = PBXFileReference; fileEncoding = 4; lastKnownFileType = sourcecode.swift; path = ChatTableHeaderViewCell.swift; sourceTree = "<group>"; };
		E17528B51ED406DC00269EDF /* ChatTableView.swift */ = {isa = PBXFileReference; fileEncoding = 4; lastKnownFileType = sourcecode.swift; path = ChatTableView.swift; sourceTree = "<group>"; };
		E17528B61ED406DC00269EDF /* ChatTableViewCell.swift */ = {isa = PBXFileReference; fileEncoding = 4; lastKnownFileType = sourcecode.swift; path = ChatTableViewCell.swift; sourceTree = "<group>"; };
		E17528B71ED406DC00269EDF /* ContectorListTableViewCell.swift */ = {isa = PBXFileReference; fileEncoding = 4; lastKnownFileType = sourcecode.swift; path = ContectorListTableViewCell.swift; sourceTree = "<group>"; };
		E17528B81ED406DC00269EDF /* ContectorInfoTableViewCell.swift */ = {isa = PBXFileReference; fileEncoding = 4; lastKnownFileType = sourcecode.swift; path = ContectorInfoTableViewCell.swift; sourceTree = "<group>"; };
		E17528B91ED406DC00269EDF /* MainChatTableViewCell.swift */ = {isa = PBXFileReference; fileEncoding = 4; lastKnownFileType = sourcecode.swift; path = MainChatTableViewCell.swift; sourceTree = "<group>"; };
		E17528C51ED4090B00269EDF /* Setting.xcassets */ = {isa = PBXFileReference; lastKnownFileType = folder.assetcatalog; path = Setting.xcassets; sourceTree = "<group>"; };
		E17528C71ED4091D00269EDF /* Chat.xcassets */ = {isa = PBXFileReference; lastKnownFileType = folder.assetcatalog; path = Chat.xcassets; sourceTree = "<group>"; };
		E17528C91ED4092B00269EDF /* FindPets.xcassets */ = {isa = PBXFileReference; lastKnownFileType = folder.assetcatalog; path = FindPets.xcassets; sourceTree = "<group>"; };
		E17528CB1ED4094700269EDF /* SellBuy.xcassets */ = {isa = PBXFileReference; lastKnownFileType = folder.assetcatalog; path = SellBuy.xcassets; sourceTree = "<group>"; };
		E17528D01ED409B100269EDF /* iPets.xcdatamodel */ = {isa = PBXFileReference; lastKnownFileType = wrapper.xcdatamodel; path = iPets.xcdatamodel; sourceTree = "<group>"; };
		E17528D31ED40A5A00269EDF /* InternetExplorerViewController.swift */ = {isa = PBXFileReference; fileEncoding = 4; lastKnownFileType = sourcecode.swift; path = InternetExplorerViewController.swift; sourceTree = "<group>"; };
		E17528D41ED40A5A00269EDF /* RichScanViewController.swift */ = {isa = PBXFileReference; fileEncoding = 4; lastKnownFileType = sourcecode.swift; path = RichScanViewController.swift; sourceTree = "<group>"; };
		E17528E61ED40B0F00269EDF /* Protocol.swift */ = {isa = PBXFileReference; fileEncoding = 4; lastKnownFileType = sourcecode.swift; path = Protocol.swift; sourceTree = "<group>"; };
		E17528E71ED40B0F00269EDF /* UniversalConstants.swift */ = {isa = PBXFileReference; fileEncoding = 4; lastKnownFileType = sourcecode.swift; path = UniversalConstants.swift; sourceTree = "<group>"; };
		E17528EA1ED40B1800269EDF /* AutoLayout.swift */ = {isa = PBXFileReference; fileEncoding = 4; lastKnownFileType = sourcecode.swift; path = AutoLayout.swift; sourceTree = "<group>"; };
		E17528EB1ED40B1800269EDF /* ChangeValue.swift */ = {isa = PBXFileReference; fileEncoding = 4; lastKnownFileType = sourcecode.swift; path = ChangeValue.swift; sourceTree = "<group>"; };
		E17528EC1ED40B1800269EDF /* DateToToString.swift */ = {isa = PBXFileReference; fileEncoding = 4; lastKnownFileType = sourcecode.swift; path = DateToToString.swift; sourceTree = "<group>"; };
		E17528ED1ED40B1800269EDF /* Extension.swift */ = {isa = PBXFileReference; fileEncoding = 4; lastKnownFileType = sourcecode.swift; path = Extension.swift; sourceTree = "<group>"; };
		E17528EE1ED40B1800269EDF /* GetMyInfo.swift */ = {isa = PBXFileReference; fileEncoding = 4; lastKnownFileType = sourcecode.swift; path = GetMyInfo.swift; sourceTree = "<group>"; };
		E17528EF1ED40B1800269EDF /* PinYinString.swift */ = {isa = PBXFileReference; fileEncoding = 4; lastKnownFileType = sourcecode.swift; path = PinYinString.swift; sourceTree = "<group>"; };
		E17528F01ED40B1800269EDF /* UniversalFuncs.swift */ = {isa = PBXFileReference; fileEncoding = 4; lastKnownFileType = sourcecode.swift; path = UniversalFuncs.swift; sourceTree = "<group>"; };
		E17528F91ED40B7600269EDF /* CustomDismissAnimationController.swift */ = {isa = PBXFileReference; fileEncoding = 4; lastKnownFileType = sourcecode.swift; path = CustomDismissAnimationController.swift; sourceTree = "<group>"; };
		E17528FA1ED40B7600269EDF /* CustomPresentAnimationController.swift */ = {isa = PBXFileReference; fileEncoding = 4; lastKnownFileType = sourcecode.swift; path = CustomPresentAnimationController.swift; sourceTree = "<group>"; };
		E17528FB1ED40B7600269EDF /* PushAndPopAnimation.swift */ = {isa = PBXFileReference; fileEncoding = 4; lastKnownFileType = sourcecode.swift; path = PushAndPopAnimation.swift; sourceTree = "<group>"; };
		E17528FF1ED40CE900269EDF /* Assets.xcassets */ = {isa = PBXFileReference; lastKnownFileType = folder.assetcatalog; path = Assets.xcassets; sourceTree = "<group>"; };
		E1ADD75C1ED6CD29000BCBC4 /* MyTimer.swift */ = {isa = PBXFileReference; fileEncoding = 4; lastKnownFileType = sourcecode.swift; path = MyTimer.swift; sourceTree = "<group>"; };
		E1ADD75E1EDFE899000BCBC4 /* Temp.xcassets */ = {isa = PBXFileReference; lastKnownFileType = folder.assetcatalog; path = Temp.xcassets; sourceTree = "<group>"; };
		E1DE0E5C1EEA918600CF580D /* AVSDKExtension.swift */ = {isa = PBXFileReference; fileEncoding = 4; lastKnownFileType = sourcecode.swift; path = AVSDKExtension.swift; sourceTree = "<group>"; };
		E1DE0E5D1EEA918600CF580D /* BaseVideoView.swift */ = {isa = PBXFileReference; fileEncoding = 4; lastKnownFileType = sourcecode.swift; path = BaseVideoView.swift; sourceTree = "<group>"; };
		E1DE0E5E1EEA918600CF580D /* SetMaskView.swift */ = {isa = PBXFileReference; fileEncoding = 4; lastKnownFileType = sourcecode.swift; path = SetMaskView.swift; sourceTree = "<group>"; };
		E1DE0E5F1EEA918600CF580D /* Video.xcassets */ = {isa = PBXFileReference; lastKnownFileType = folder.assetcatalog; path = Video.xcassets; sourceTree = "<group>"; };
		E1DE0E601EEA918600CF580D /* VideoFuncs.swift */ = {isa = PBXFileReference; fileEncoding = 4; lastKnownFileType = sourcecode.swift; path = VideoFuncs.swift; sourceTree = "<group>"; };
		E1DE0E611EEA918600CF580D /* VideoPlayerView.swift */ = {isa = PBXFileReference; fileEncoding = 4; lastKnownFileType = sourcecode.swift; path = VideoPlayerView.swift; sourceTree = "<group>"; };
		E1DE0E621EEA918600CF580D /* VideoSlider.swift */ = {isa = PBXFileReference; fileEncoding = 4; lastKnownFileType = sourcecode.swift; path = VideoSlider.swift; sourceTree = "<group>"; };
		E1DE0E6A1EEA919F00CF580D /* CanCopyImageView.swift */ = {isa = PBXFileReference; fileEncoding = 4; lastKnownFileType = sourcecode.swift; path = CanCopyImageView.swift; sourceTree = "<group>"; };
		E1DE0E6B1EEA919F00CF580D /* CanCopyLabel.swift */ = {isa = PBXFileReference; fileEncoding = 4; lastKnownFileType = sourcecode.swift; path = CanCopyLabel.swift; sourceTree = "<group>"; };
		E1DE0E6E1EEA91BA00CF580D /* Cache.swift */ = {isa = PBXFileReference; fileEncoding = 4; lastKnownFileType = sourcecode.swift; path = Cache.swift; sourceTree = "<group>"; };
		E1DE0E6F1EEA91BA00CF580D /* CacheConstants.swift */ = {isa = PBXFileReference; fileEncoding = 4; lastKnownFileType = sourcecode.swift; path = CacheConstants.swift; sourceTree = "<group>"; };
		E1DE0E701EEA91BA00CF580D /* DBConstants.swift */ = {isa = PBXFileReference; fileEncoding = 4; lastKnownFileType = sourcecode.swift; path = DBConstants.swift; sourceTree = "<group>"; };
		E1DE0E711EEA91BA00CF580D /* SaveCacheDataModel.swift */ = {isa = PBXFileReference; fileEncoding = 4; lastKnownFileType = sourcecode.swift; path = SaveCacheDataModel.swift; sourceTree = "<group>"; };
		E1DE0E721EEA91BA00CF580D /* SaveDataModel.swift */ = {isa = PBXFileReference; fileEncoding = 4; lastKnownFileType = sourcecode.swift; path = SaveDataModel.swift; sourceTree = "<group>"; };
		E1DE0E731EEA91BA00CF580D /* SQLLine.swift */ = {isa = PBXFileReference; fileEncoding = 4; lastKnownFileType = sourcecode.swift; path = SQLLine.swift; sourceTree = "<group>"; };
		E1DE0E7B1EEA91FA00CF580D /* LoadingPicView.swift */ = {isa = PBXFileReference; fileEncoding = 4; lastKnownFileType = sourcecode.swift; path = LoadingPicView.swift; sourceTree = "<group>"; };
		E1DE0E7C1EEA91FA00CF580D /* NetFuncs.swift */ = {isa = PBXFileReference; fileEncoding = 4; lastKnownFileType = sourcecode.swift; path = NetFuncs.swift; sourceTree = "<group>"; };
		E1DE0E801EEA926900CF580D /* PicsBrowserView.swift */ = {isa = PBXFileReference; fileEncoding = 4; lastKnownFileType = sourcecode.swift; path = PicsBrowserView.swift; sourceTree = "<group>"; };
		E1DE0E811EEA926900CF580D /* ShowSinglePicView.swift */ = {isa = PBXFileReference; fileEncoding = 4; lastKnownFileType = sourcecode.swift; path = ShowSinglePicView.swift; sourceTree = "<group>"; };
		E1DE0E841EEA928600CF580D /* ImageChooseFuncs.swift */ = {isa = PBXFileReference; fileEncoding = 4; lastKnownFileType = sourcecode.swift; path = ImageChooseFuncs.swift; sourceTree = "<group>"; };
		E1DE0E851EEA928600CF580D /* ImageCollectionModel.swift */ = {isa = PBXFileReference; fileEncoding = 4; lastKnownFileType = sourcecode.swift; path = ImageCollectionModel.swift; sourceTree = "<group>"; };
		E1DE0E861EEA928600CF580D /* ImageCollectionViewCell.swift */ = {isa = PBXFileReference; fileEncoding = 4; lastKnownFileType = sourcecode.swift; path = ImageCollectionViewCell.swift; sourceTree = "<group>"; };
		E1DE0E871EEA928600CF580D /* ImageCollectionViewController.swift */ = {isa = PBXFileReference; fileEncoding = 4; lastKnownFileType = sourcecode.swift; path = ImageCollectionViewController.swift; sourceTree = "<group>"; };
		E1DE0E981EEA94B200CF580D /* NewsChannelView.swift */ = {isa = PBXFileReference; fileEncoding = 4; lastKnownFileType = sourcecode.swift; path = NewsChannelView.swift; sourceTree = "<group>"; };
		E1DE0E991EEA94B200CF580D /* NewsHeaderView.swift */ = {isa = PBXFileReference; fileEncoding = 4; lastKnownFileType = sourcecode.swift; path = NewsHeaderView.swift; sourceTree = "<group>"; };
		E1DE0E9A1EEA94B200CF580D /* NewsTableViewCell.swift */ = {isa = PBXFileReference; fileEncoding = 4; lastKnownFileType = sourcecode.swift; path = NewsTableViewCell.swift; sourceTree = "<group>"; };
		E1DE0E9E1EEA94BA00CF580D /* ArticleNetConstant.swift */ = {isa = PBXFileReference; fileEncoding = 4; lastKnownFileType = sourcecode.swift; path = ArticleNetConstant.swift; sourceTree = "<group>"; };
		E1DE0E9F1EEA94BA00CF580D /* DataFormat.swift */ = {isa = PBXFileReference; fileEncoding = 4; lastKnownFileType = sourcecode.swift; path = DataFormat.swift; sourceTree = "<group>"; };
		E1DE0EA01EEA94BA00CF580D /* JsonCache.swift */ = {isa = PBXFileReference; fileEncoding = 4; lastKnownFileType = sourcecode.swift; path = JsonCache.swift; sourceTree = "<group>"; };
		E1DE0EA11EEA94BA00CF580D /* NetConstant.swift */ = {isa = PBXFileReference; fileEncoding = 4; lastKnownFileType = sourcecode.swift; path = NetConstant.swift; sourceTree = "<group>"; };
		E1DE0EA21EEA94BA00CF580D /* NewsConstants.swift */ = {isa = PBXFileReference; fileEncoding = 4; lastKnownFileType = sourcecode.swift; path = NewsConstants.swift; sourceTree = "<group>"; };
		E1DE0EA31EEA94BA00CF580D /* NewsExtension.swift */ = {isa = PBXFileReference; fileEncoding = 4; lastKnownFileType = sourcecode.swift; path = NewsExtension.swift; sourceTree = "<group>"; };
		E1DE0EA41EEA94BA00CF580D /* TabNetConstant.swift */ = {isa = PBXFileReference; fileEncoding = 4; lastKnownFileType = sourcecode.swift; path = TabNetConstant.swift; sourceTree = "<group>"; };
		E1DE0EAC1EEA94C000CF580D /* JsonToModule.swift */ = {isa = PBXFileReference; fileEncoding = 4; lastKnownFileType = sourcecode.swift; path = JsonToModule.swift; sourceTree = "<group>"; };
		E1DE0EAD1EEA94C000CF580D /* LocalNewsDataModule.swift */ = {isa = PBXFileReference; fileEncoding = 4; lastKnownFileType = sourcecode.swift; path = LocalNewsDataModule.swift; sourceTree = "<group>"; };
		E1DE0EAE1EEA94C000CF580D /* NewsDataModule.swift */ = {isa = PBXFileReference; fileEncoding = 4; lastKnownFileType = sourcecode.swift; path = NewsDataModule.swift; sourceTree = "<group>"; };
		E1DE0EAF1EEA94C000CF580D /* NewsHeaderDataModule.swift */ = {isa = PBXFileReference; fileEncoding = 4; lastKnownFileType = sourcecode.swift; path = NewsHeaderDataModule.swift; sourceTree = "<group>"; };
		E1DE0EB01EEA94C000CF580D /* PicsDataModule.swift */ = {isa = PBXFileReference; fileEncoding = 4; lastKnownFileType = sourcecode.swift; path = PicsDataModule.swift; sourceTree = "<group>"; };
		E1DE0EB61EEA94CC00CF580D /* LocalH5NewsViewController.swift */ = {isa = PBXFileReference; fileEncoding = 4; lastKnownFileType = sourcecode.swift; path = LocalH5NewsViewController.swift; sourceTree = "<group>"; };
		E1DE0EB71EEA94CC00CF580D /* NewsRootViewController.swift */ = {isa = PBXFileReference; fileEncoding = 4; lastKnownFileType = sourcecode.swift; path = NewsRootViewController.swift; sourceTree = "<group>"; };
		E1DE0EB81EEA94CC00CF580D /* NewsViewController.swift */ = {isa = PBXFileReference; fileEncoding = 4; lastKnownFileType = sourcecode.swift; path = NewsViewController.swift; sourceTree = "<group>"; };
		E1DE0EB91EEA94CC00CF580D /* WebViewController.swift */ = {isa = PBXFileReference; fileEncoding = 4; lastKnownFileType = sourcecode.swift; path = WebViewController.swift; sourceTree = "<group>"; };
/* End PBXFileReference section */

/* Begin PBXFrameworksBuildPhase section */
		E14197C41CA1A6BE00EDD443 /* Frameworks */ = {
			isa = PBXFrameworksBuildPhase;
			buildActionMask = 2147483647;
			files = (
				928E05F83569019CD74BDCEB /* Pods_iPets.framework in Frameworks */,
			);
			runOnlyForDeploymentPostprocessing = 0;
		};
/* End PBXFrameworksBuildPhase section */

/* Begin PBXGroup section */
		9B8070BA3FD5144A5566614C /* Frameworks */ = {
			isa = PBXGroup;
			children = (
				C0F66AE3DDCC948CA07F7880 /* Pods_iPets.framework */,
			);
			name = Frameworks;
			sourceTree = "<group>";
		};
		DF40E67B22E5FF87B12251D8 /* Pods */ = {
			isa = PBXGroup;
			children = (
				1E5E34788EAF7E5842AB3455 /* Pods-iPets.debug.xcconfig */,
				626BBE37DA2AA08F813BF74C /* Pods-iPets.release.xcconfig */,
			);
			name = Pods;
			sourceTree = "<group>";
		};
		E10B34DE1EEAA2A400D65C9F /* VideoChannal */ = {
			isa = PBXGroup;
			children = (
				E10B34E11EEAA2D500D65C9F /* VideoViewController.swift */,
			);
			name = VideoChannal;
			sourceTree = "<group>";
		};
		E10B34DF1EEAA2B100D65C9F /* VideoChannal */ = {
			isa = PBXGroup;
			children = (
			);
			name = VideoChannal;
			sourceTree = "<group>";
		};
		E10B34E01EEAA2B900D65C9F /* VideoChannal */ = {
			isa = PBXGroup;
			children = (
				E10B34E31EEAA2E200D65C9F /* VideoTableViewCell.swift */,
			);
			name = VideoChannal;
			sourceTree = "<group>";
		};
		E10B34E51EEAA60700D65C9F /* MCYViewSDK */ = {
			isa = PBXGroup;
			children = (
				E10B34E61EEAA65800D65C9F /* ActionMenuView.swift */,
				E10B34E71EEAA65800D65C9F /* MyBottomMenuView.swift */,
				E10B34E81EEAA65800D65C9F /* MyLoadingView.swift */,
				E10B34E91EEAA65800D65C9F /* ToastView.swift */,
				E10B34EA1EEAA65800D65C9F /* WaitView.swift */,
			);
			name = MCYViewSDK;
			sourceTree = "<group>";
		};
		E10E445F1CC62B0900D9992A /* resources */ = {
			isa = PBXGroup;
			children = (
				E10E44601CC62B3500D9992A /* Contacts.xcassets */,
				E10E44611CC62B3500D9992A /* Discover.xcassets */,
				E10E44621CC62B3500D9992A /* Home.xcassets */,
				E10E44631CC62B3500D9992A /* Images.xcassets */,
				E10E44641CC62B3500D9992A /* Me.xcassets */,
			);
			name = resources;
			sourceTree = "<group>";
		};
		E14197BE1CA1A6BE00EDD443 = {
			isa = PBXGroup;
			children = (
				E14197C91CA1A6BE00EDD443 /* iPets */,
				E14197C81CA1A6BE00EDD443 /* Products */,
				DF40E67B22E5FF87B12251D8 /* Pods */,
				9B8070BA3FD5144A5566614C /* Frameworks */,
			);
			sourceTree = "<group>";
		};
		E14197C81CA1A6BE00EDD443 /* Products */ = {
			isa = PBXGroup;
			children = (
				E14197C71CA1A6BE00EDD443 /* iPets.app */,
			);
			name = Products;
			sourceTree = "<group>";
		};
		E14197C91CA1A6BE00EDD443 /* iPets */ = {
			isa = PBXGroup;
			children = (
				E10B34DC1EEA9E0100D65C9F /* LocalNews.js */,
				E1DE0E341EEA8DBB00CF580D /* SDKs */,
				E175284B1ED3E76D00269EDF /* Me */,
				E175284A1ED3E75F00269EDF /* Main */,
				E17528491ED3E75800269EDF /* Find */,
				E17528481ED3E74C00269EDF /* Chat */,
				E14198021CA1B52200EDD443 /* Universal */,
				E14197E71CA1AA9B00EDD443 /* TabControllers */,
				E14197E11CA1A81300EDD443 /* Resources */,
			);
			path = iPets;
			sourceTree = "<group>";
		};
		E14197E11CA1A81300EDD443 /* Resources */ = {
			isa = PBXGroup;
			children = (
				E17528FF1ED40CE900269EDF /* Assets.xcassets */,
				E17528CF1ED409B100269EDF /* iPets.xcdatamodeld */,
				E10E445F1CC62B0900D9992A /* resources */,
				E10E446C1CC62BA700D9992A /* Navigation.xcassets */,
				E14197F01CA1AB9A00EDD443 /* Info.plist */,
				E14197D31CA1A6BE00EDD443 /* LaunchScreen.storyboard */,
				E14197CE1CA1A6BE00EDD443 /* Main.storyboard */,
			);
			name = Resources;
			path = ../../../../Users/miciny/ToGitHub/iPets/iPets/Resources;
			sourceTree = DEVELOPER_DIR;
		};
		E14197E71CA1AA9B00EDD443 /* TabControllers */ = {
			isa = PBXGroup;
			children = (
				E126FD0A1CFD6E7700DAFF84 /* AppDelegate.swift */,
				E126FD0F1CFD6E7700DAFF84 /* TabbarViewController.swift */,
			);
			name = TabControllers;
			path = ../../../../Users/miciny/ToGitHub/iPets/iPets/TabController;
			sourceTree = DEVELOPER_DIR;
		};
		E14198021CA1B52200EDD443 /* Universal */ = {
			isa = PBXGroup;
			children = (
				E17528F81ED40B4000269EDF /* Animation */,
				E17528E51ED40AF100269EDF /* Funcs */,
				E17528E41ED40AE900269EDF /* Constants */,
				E17528D21ED40A1900269EDF /* Controller */,
			);
			name = Universal;
			path = ../../../../Users/miciny/ToGitHub/iPets/iPets/Universal;
			sourceTree = DEVELOPER_DIR;
		};
		E14407ED1EEE3D7300C8E23B /* NewsChannal */ = {
			isa = PBXGroup;
			children = (
				E1DE0EB71EEA94CC00CF580D /* NewsRootViewController.swift */,
				E1DE0EB81EEA94CC00CF580D /* NewsViewController.swift */,
			);
			name = NewsChannal;
			sourceTree = "<group>";
		};
		E14407EE1EEE3D8000C8E23B /* NewsChannal */ = {
			isa = PBXGroup;
			children = (
				E1DE0E981EEA94B200CF580D /* NewsChannelView.swift */,
				E1DE0E991EEA94B200CF580D /* NewsHeaderView.swift */,
				E1DE0E9A1EEA94B200CF580D /* NewsTableViewCell.swift */,
			);
			name = NewsChannal;
			sourceTree = "<group>";
		};
		E14407EF1EEE3D8500C8E23B /* NewsChannal */ = {
			isa = PBXGroup;
			children = (
				E1DE0EB01EEA94C000CF580D /* PicsDataModule.swift */,
				E1DE0EAF1EEA94C000CF580D /* NewsHeaderDataModule.swift */,
			);
			name = NewsChannal;
			sourceTree = "<group>";
		};
		E17528481ED3E74C00269EDF /* Chat */ = {
			isa = PBXGroup;
			children = (
				E17528C11ED407D700269EDF /* Resources */,
				E175288D1ED4058500269EDF /* Controller */,
				E175288C1ED4058000269EDF /* View */,
				E175288B1ED4057B00269EDF /* Model */,
			);
			name = Chat;
			path = ../../../../Users/miciny/ToGitHub/iPets/iPets/Chat;
			sourceTree = DEVELOPER_DIR;
		};
		E17528491ED3E75800269EDF /* Find */ = {
			isa = PBXGroup;
			children = (
				E17528C21ED407DC00269EDF /* Resources */,
				E175288A1ED4052B00269EDF /* Model */,
				E17528891ED4052600269EDF /* View */,
				E17528881ED4051D00269EDF /* Controller */,
			);
			name = Find;
			path = ../../../../Users/miciny/ToGitHub/iPets/iPets/Find;
			sourceTree = DEVELOPER_DIR;
		};
		E175284A1ED3E75F00269EDF /* Main */ = {
			isa = PBXGroup;
			children = (
				E17528C31ED407E200269EDF /* Resources */,
				E17528621ED4033600269EDF /* Controller */,
				E175285D1ED3E91700269EDF /* Model */,
				E175284E1ED3E86600269EDF /* View */,
			);
			name = Main;
			path = ../../../../Users/miciny/ToGitHub/iPets/iPets/Main;
			sourceTree = DEVELOPER_DIR;
		};
		E175284B1ED3E76D00269EDF /* Me */ = {
			isa = PBXGroup;
			children = (
				E17528C41ED407E700269EDF /* Resources */,
				E175286B1ED403AF00269EDF /* Model */,
				E175286A1ED403A700269EDF /* View */,
				E17528691ED4039D00269EDF /* Controller */,
			);
			name = Me;
			path = ../../../../Users/miciny/ToGitHub/iPets/iPets/Me;
			sourceTree = DEVELOPER_DIR;
		};
		E175284E1ED3E86600269EDF /* View */ = {
			isa = PBXGroup;
			children = (
				E17528531ED3E8AE00269EDF /* SellBuyCollectionViewCell.swift */,
				E17528511ED3E8AE00269EDF /* SellBuyCollectionFooterView.swift */,
				E17528521ED3E8AE00269EDF /* SellBuyCollectionHeaderView.swift */,
				E175284F1ED3E8AE00269EDF /* CycleView.swift */,
				E17528501ED3E8AE00269EDF /* SearchTableViewCell.swift */,
			);
			name = View;
			path = ../../../../Users/miciny/ToGitHub/iPets/iPets/Main/View;
			sourceTree = DEVELOPER_DIR;
		};
		E175285D1ED3E91700269EDF /* Model */ = {
			isa = PBXGroup;
			children = (
				E175285F1ED3E95300269EDF /* SellBuyCollectionModel.swift */,
				E175285E1ED3E95300269EDF /* SearchRecordModel.swift */,
			);
			name = Model;
			path = ../../../../Users/miciny/ToGitHub/iPets/iPets/Main/Model;
			sourceTree = DEVELOPER_DIR;
		};
		E17528621ED4033600269EDF /* Controller */ = {
			isa = PBXGroup;
			children = (
				E17528651ED4034D00269EDF /* SellBuyViewController.swift */,
				E17528631ED4034D00269EDF /* SearchResultViewController.swift */,
				E17528641ED4034D00269EDF /* SearchViewController.swift */,
				E14407F41EEEA0D600C8E23B /* ShopCarViewController.swift */,
			);
			name = Controller;
			path = ../../../../Users/miciny/ToGitHub/iPets/iPets/Main/Controller;
			sourceTree = DEVELOPER_DIR;
		};
		E17528691ED4039D00269EDF /* Controller */ = {
			isa = PBXGroup;
			children = (
				E17528861ED404FB00269EDF /* MeViewController.swift */,
				E175287E1ED404A400269EDF /* PersonInfoViewController.swift */,
				E175287C1ED404A400269EDF /* PersonInfo_TDCodeImageViewController.swift */,
				E175287D1ED404A400269EDF /* PersonInfo_ChangeNameViewController.swift */,
				E175287B1ED404A400269EDF /* PersonInfo_IconViewController.swift */,
				E175287F1ED404A400269EDF /* SettingViewController.swift */,
				E175287A1ED404A400269EDF /* Setting_CommonFuncViewController.swift */,
			);
			name = Controller;
			path = ../../../../Users/miciny/ToGitHub/iPets/iPets/Me/Controller;
			sourceTree = DEVELOPER_DIR;
		};
		E175286A1ED403A700269EDF /* View */ = {
			isa = PBXGroup;
			children = (
				E17528761ED4049900269EDF /* MeViewCell.swift */,
				E17528741ED4049900269EDF /* PersonInfoTableViewCell.swift */,
				E17528751ED4049900269EDF /* SettingTableViewCell.swift */,
			);
			name = View;
			path = ../../../../Users/miciny/ToGitHub/iPets/iPets/Me/View;
			sourceTree = DEVELOPER_DIR;
		};
		E175286B1ED403AF00269EDF /* Model */ = {
			isa = PBXGroup;
			children = (
				E175286E1ED4048E00269EDF /* PersonInfoDataModel.swift */,
				E175286F1ED4048E00269EDF /* MeDataModel.swift */,
				E17528701ED4048E00269EDF /* SettingDataModel.swift */,
			);
			name = Model;
			path = ../../../../Users/miciny/ToGitHub/iPets/iPets/Me/Model;
			sourceTree = DEVELOPER_DIR;
		};
		E17528881ED4051D00269EDF /* Controller */ = {
			isa = PBXGroup;
			children = (
				E12A38B41EEA78BE00755C6C /* FindViewController.swift */,
				E175288E1ED406A500269EDF /* FindPetsViewController.swift */,
				E175288F1ED406A500269EDF /* SendFindMyPetsInfoViewController.swift */,
			);
			name = Controller;
			path = ../../../../Users/miciny/ToGitHub/iPets/iPets/Find/Controller;
			sourceTree = DEVELOPER_DIR;
		};
		E17528891ED4052600269EDF /* View */ = {
			isa = PBXGroup;
			children = (
				E12A38B61EEA794000755C6C /* FindTableViewCell.swift */,
				E17528981ED406BB00269EDF /* FindPetsTableViewCell.swift */,
				E17528991ED406BB00269EDF /* SendFindMyPetsInfoTableViewCell.swift */,
				E14407F01EEE690800C8E23B /* FindPetsMoreView.swift */,
			);
			name = View;
			path = ../../../../Users/miciny/ToGitHub/iPets/iPets/Find/View;
			sourceTree = DEVELOPER_DIR;
		};
		E175288A1ED4052B00269EDF /* Model */ = {
			isa = PBXGroup;
			children = (
				E12A38B81EEA795700755C6C /* FindDataModel.swift */,
				E17528931ED406AD00269EDF /* FindPetsCellModel.swift */,
				E17528921ED406AD00269EDF /* FindPetsCellFrameModel.swift */,
				E17528941ED406AD00269EDF /* SendFindMyPetsInfoModel.swift */,
			);
			name = Model;
			path = ../../../../Users/miciny/ToGitHub/iPets/iPets/Find/Model;
			sourceTree = DEVELOPER_DIR;
		};
		E175288B1ED4057B00269EDF /* Model */ = {
			isa = PBXGroup;
			children = (
				E17528AB1ED406D000269EDF /* UserInfo.swift */,
				E17528A91ED406D000269EDF /* MainChatListViewDataModel.swift */,
				E17528A51ED406D000269EDF /* ChatData.swift */,
				E17528A61ED406D000269EDF /* ContectorListViewDataModel.swift */,
				E17528A71ED406D000269EDF /* ContectorModel.swift */,
				E17528A81ED406D000269EDF /* ContectorInfoViewDataModel.swift */,
				E17528A41ED406D000269EDF /* BubbleItem.swift */,
				E17528AA1ED406D000269EDF /* MessageItem.swift */,
			);
			name = Model;
			path = ../../../../Users/miciny/ToGitHub/iPets/iPets/Chat/Model;
			sourceTree = DEVELOPER_DIR;
		};
		E175288C1ED4058000269EDF /* View */ = {
			isa = PBXGroup;
			children = (
				E17528B91ED406DC00269EDF /* MainChatTableViewCell.swift */,
				E17528B71ED406DC00269EDF /* ContectorListTableViewCell.swift */,
				E17528B41ED406DC00269EDF /* ChatTableHeaderViewCell.swift */,
				E17528B51ED406DC00269EDF /* ChatTableView.swift */,
				E17528B61ED406DC00269EDF /* ChatTableViewCell.swift */,
				E17528B81ED406DC00269EDF /* ContectorInfoTableViewCell.swift */,
			);
			name = View;
			path = ../../../../Users/miciny/ToGitHub/iPets/iPets/Chat/View;
			sourceTree = DEVELOPER_DIR;
		};
		E175288D1ED4058500269EDF /* Controller */ = {
			isa = PBXGroup;
			children = (
				E175289E1ED406C600269EDF /* MainChatListViewController.swift */,
				E175289C1ED406C600269EDF /* ChatViewController.swift */,
				E175289D1ED406C600269EDF /* ContectorListViewController.swift */,
				E175289F1ED406C600269EDF /* ContectorInfoViewController.swift */,
			);
			name = Controller;
			path = ../../../../Users/miciny/ToGitHub/iPets/iPets/Chat/Controller;
			sourceTree = DEVELOPER_DIR;
		};
		E17528C11ED407D700269EDF /* Resources */ = {
			isa = PBXGroup;
			children = (
				E17528C71ED4091D00269EDF /* Chat.xcassets */,
			);
			name = Resources;
			path = ../../../../Users/miciny/ToGitHub/iPets/iPets/Chat/Resources;
			sourceTree = DEVELOPER_DIR;
		};
		E17528C21ED407DC00269EDF /* Resources */ = {
			isa = PBXGroup;
			children = (
				E17528C91ED4092B00269EDF /* FindPets.xcassets */,
			);
			name = Resources;
			path = ../../../../Users/miciny/ToGitHub/iPets/iPets/Find/Resources;
			sourceTree = DEVELOPER_DIR;
		};
		E17528C31ED407E200269EDF /* Resources */ = {
			isa = PBXGroup;
			children = (
				E17528CB1ED4094700269EDF /* SellBuy.xcassets */,
				E1ADD75E1EDFE899000BCBC4 /* Temp.xcassets */,
			);
			name = Resources;
			path = ../../../../Users/miciny/ToGitHub/iPets/iPets/Main/Resources;
			sourceTree = DEVELOPER_DIR;
		};
		E17528C41ED407E700269EDF /* Resources */ = {
			isa = PBXGroup;
			children = (
				E17528C51ED4090B00269EDF /* Setting.xcassets */,
			);
			name = Resources;
			path = ../../../../Users/miciny/ToGitHub/iPets/iPets/Me/Resources;
			sourceTree = DEVELOPER_DIR;
		};
		E17528D21ED40A1900269EDF /* Controller */ = {
			isa = PBXGroup;
			children = (
				E17528D31ED40A5A00269EDF /* InternetExplorerViewController.swift */,
				E17528D41ED40A5A00269EDF /* RichScanViewController.swift */,
				E14407F21EEE73CF00C8E23B /* MCYTableView.swift */,
			);
			name = Controller;
			path = ../../../../Users/miciny/ToGitHub/iPets/iPets/Universal/Controller;
			sourceTree = DEVELOPER_DIR;
		};
		E17528E41ED40AE900269EDF /* Constants */ = {
			isa = PBXGroup;
			children = (
				E17528E61ED40B0F00269EDF /* Protocol.swift */,
				E17528E71ED40B0F00269EDF /* UniversalConstants.swift */,
			);
			name = Constants;
			path = ../../../../Users/miciny/ToGitHub/iPets/iPets/Universal/Constants;
			sourceTree = DEVELOPER_DIR;
		};
		E17528E51ED40AF100269EDF /* Funcs */ = {
			isa = PBXGroup;
			children = (
				E17528EA1ED40B1800269EDF /* AutoLayout.swift */,
				E17528EB1ED40B1800269EDF /* ChangeValue.swift */,
				E17528EC1ED40B1800269EDF /* DateToToString.swift */,
				E17528ED1ED40B1800269EDF /* Extension.swift */,
				E17528EE1ED40B1800269EDF /* GetMyInfo.swift */,
				E17528EF1ED40B1800269EDF /* PinYinString.swift */,
				E17528F01ED40B1800269EDF /* UniversalFuncs.swift */,
				E1ADD75C1ED6CD29000BCBC4 /* MyTimer.swift */,
			);
			name = Funcs;
			path = ../../../../Users/miciny/ToGitHub/iPets/iPets/Universal/Funcs;
			sourceTree = DEVELOPER_DIR;
		};
		E17528F81ED40B4000269EDF /* Animation */ = {
			isa = PBXGroup;
			children = (
				E17528F91ED40B7600269EDF /* CustomDismissAnimationController.swift */,
				E17528FA1ED40B7600269EDF /* CustomPresentAnimationController.swift */,
				E17528FB1ED40B7600269EDF /* PushAndPopAnimation.swift */,
			);
			name = Animation;
			path = ../../../../Users/miciny/ToGitHub/iPets/iPets/Universal/Animation;
			sourceTree = DEVELOPER_DIR;
		};
		E1DE0E341EEA8DBB00CF580D /* SDKs */ = {
			isa = PBXGroup;
			children = (
				E10B34E51EEAA60700D65C9F /* MCYViewSDK */,
				E1DE0E5B1EEA910C00CF580D /* MCYNewsSDK */,
				E1DE0E5A1EEA90F200CF580D /* MCYPicChooseSDK */,
				E1DE0E591EEA90E400CF580D /* MCYPicBrowserSDK */,
				E1DE0E581EEA90D800CF580D /* MCYInternetSDK */,
				E1DE0E571EEA90CB00CF580D /* MCYDataSaveSDK */,
				E1DE0E561EEA90BA00CF580D /* MCYCopySDK */,
				E1DE0E551EEA90AF00CF580D /* MCYAVSDK */,
			);
			name = SDKs;
			path = ../../../../Users/miciny/ToGitHub/iPets/iPets/SDKs;
			sourceTree = DEVELOPER_DIR;
		};
		E1DE0E551EEA90AF00CF580D /* MCYAVSDK */ = {
			isa = PBXGroup;
			children = (
				E1DE0E5D1EEA918600CF580D /* BaseVideoView.swift */,
				E1DE0E611EEA918600CF580D /* VideoPlayerView.swift */,
				E1DE0E5E1EEA918600CF580D /* SetMaskView.swift */,
				E1DE0E5F1EEA918600CF580D /* Video.xcassets */,
				E1DE0E601EEA918600CF580D /* VideoFuncs.swift */,
				E1DE0E621EEA918600CF580D /* VideoSlider.swift */,
				E1DE0E5C1EEA918600CF580D /* AVSDKExtension.swift */,
			);
			name = MCYAVSDK;
			path = ../../../../Users/miciny/ToGitHub/iPets/iPets/SDKs/MCYAVSDK;
			sourceTree = DEVELOPER_DIR;
		};
		E1DE0E561EEA90BA00CF580D /* MCYCopySDK */ = {
			isa = PBXGroup;
			children = (
				E1DE0E6A1EEA919F00CF580D /* CanCopyImageView.swift */,
				E1DE0E6B1EEA919F00CF580D /* CanCopyLabel.swift */,
			);
			name = MCYCopySDK;
			path = ../../../../Users/miciny/ToGitHub/iPets/iPets/SDKs/MCYCopySDK;
			sourceTree = DEVELOPER_DIR;
		};
		E1DE0E571EEA90CB00CF580D /* MCYDataSaveSDK */ = {
			isa = PBXGroup;
			children = (
				E1DE0E6E1EEA91BA00CF580D /* Cache.swift */,
				E1DE0E6F1EEA91BA00CF580D /* CacheConstants.swift */,
				E1DE0E701EEA91BA00CF580D /* DBConstants.swift */,
				E1DE0E711EEA91BA00CF580D /* SaveCacheDataModel.swift */,
				E1DE0E721EEA91BA00CF580D /* SaveDataModel.swift */,
				E1DE0E731EEA91BA00CF580D /* SQLLine.swift */,
			);
			name = MCYDataSaveSDK;
			path = ../../../../Users/miciny/ToGitHub/iPets/iPets/SDKs/MCYDataSaveSDK;
			sourceTree = DEVELOPER_DIR;
		};
		E1DE0E581EEA90D800CF580D /* MCYInternetSDK */ = {
			isa = PBXGroup;
			children = (
				E1DE0E7B1EEA91FA00CF580D /* LoadingPicView.swift */,
				E1DE0E7C1EEA91FA00CF580D /* NetFuncs.swift */,
			);
			name = MCYInternetSDK;
			path = ../../../../Users/miciny/ToGitHub/iPets/iPets/SDKs/MCYInternetSDK;
			sourceTree = DEVELOPER_DIR;
		};
		E1DE0E591EEA90E400CF580D /* MCYPicBrowserSDK */ = {
			isa = PBXGroup;
			children = (
				E1DE0E801EEA926900CF580D /* PicsBrowserView.swift */,
				E1DE0E811EEA926900CF580D /* ShowSinglePicView.swift */,
			);
			name = MCYPicBrowserSDK;
			path = ../../../../Users/miciny/ToGitHub/iPets/iPets/SDKs/MCYPicBrowserSDK;
			sourceTree = DEVELOPER_DIR;
		};
		E1DE0E5A1EEA90F200CF580D /* MCYPicChooseSDK */ = {
			isa = PBXGroup;
			children = (
				E1DE0E841EEA928600CF580D /* ImageChooseFuncs.swift */,
				E1DE0E851EEA928600CF580D /* ImageCollectionModel.swift */,
				E1DE0E861EEA928600CF580D /* ImageCollectionViewCell.swift */,
				E1DE0E871EEA928600CF580D /* ImageCollectionViewController.swift */,
			);
			name = MCYPicChooseSDK;
			path = ../../../../Users/miciny/ToGitHub/iPets/iPets/SDKs/MCYPicChooseSDK;
			sourceTree = DEVELOPER_DIR;
		};
		E1DE0E5B1EEA910C00CF580D /* MCYNewsSDK */ = {
			isa = PBXGroup;
			children = (
				E1DE0E971EEA947F00CF580D /* Resources */,
				E1DE0E961EEA947000CF580D /* Models */,
				E1DE0E951EEA946A00CF580D /* Views */,
				E1DE0E941EEA946300CF580D /* Controller */,
			);
			name = MCYNewsSDK;
			path = ../../../../Users/miciny/ToGitHub/iPets/iPets/SDKs/MCYNewsSDK;
			sourceTree = DEVELOPER_DIR;
		};
		E1DE0E941EEA946300CF580D /* Controller */ = {
			isa = PBXGroup;
			children = (
				E14407ED1EEE3D7300C8E23B /* NewsChannal */,
				E10B34DE1EEAA2A400D65C9F /* VideoChannal */,
				E10B34DA1EEA9D4D00D65C9F /* ShowPicViewController.swift */,
				E1DE0EB91EEA94CC00CF580D /* WebViewController.swift */,
				E1DE0EB61EEA94CC00CF580D /* LocalH5NewsViewController.swift */,
			);
			name = Controller;
			path = ../../../../Users/miciny/ToGitHub/iPets/iPets/SDKs/MCYNewsSDK/Controller;
			sourceTree = DEVELOPER_DIR;
		};
		E1DE0E951EEA946A00CF580D /* Views */ = {
			isa = PBXGroup;
			children = (
				E14407EE1EEE3D8000C8E23B /* NewsChannal */,
				E10B34E01EEAA2B900D65C9F /* VideoChannal */,
			);
			name = Views;
			path = ../../../../Users/miciny/ToGitHub/iPets/iPets/SDKs/MCYNewsSDK/Views;
			sourceTree = DEVELOPER_DIR;
		};
		E1DE0E961EEA947000CF580D /* Models */ = {
			isa = PBXGroup;
			children = (
				E14407EF1EEE3D8500C8E23B /* NewsChannal */,
				E10B34DF1EEAA2B100D65C9F /* VideoChannal */,
				E1DE0EAC1EEA94C000CF580D /* JsonToModule.swift */,
				E1DE0EAD1EEA94C000CF580D /* LocalNewsDataModule.swift */,
				E1DE0EAE1EEA94C000CF580D /* NewsDataModule.swift */,
			);
			name = Models;
			path = ../../../../Users/miciny/ToGitHub/iPets/iPets/SDKs/MCYNewsSDK/Models;
			sourceTree = DEVELOPER_DIR;
		};
		E1DE0E971EEA947F00CF580D /* Resources */ = {
			isa = PBXGroup;
			children = (
				E1DE0E9E1EEA94BA00CF580D /* ArticleNetConstant.swift */,
				E1DE0E9F1EEA94BA00CF580D /* DataFormat.swift */,
				E1DE0EA01EEA94BA00CF580D /* JsonCache.swift */,
				E1DE0EA11EEA94BA00CF580D /* NetConstant.swift */,
				E1DE0EA21EEA94BA00CF580D /* NewsConstants.swift */,
				E1DE0EA31EEA94BA00CF580D /* NewsExtension.swift */,
				E1DE0EA41EEA94BA00CF580D /* TabNetConstant.swift */,
			);
			name = Resources;
			path = ../../../../Users/miciny/ToGitHub/iPets/iPets/SDKs/MCYNewsSDK/Resources;
			sourceTree = DEVELOPER_DIR;
		};
/* End PBXGroup section */

/* Begin PBXNativeTarget section */
		E14197C61CA1A6BE00EDD443 /* iPets */ = {
			isa = PBXNativeTarget;
			buildConfigurationList = E14197D91CA1A6BE00EDD443 /* Build configuration list for PBXNativeTarget "iPets" */;
			buildPhases = (
				5B1BEC6D2E0E2EF614904DA9 /* [CP] Check Pods Manifest.lock */,
				E14197C31CA1A6BE00EDD443 /* Sources */,
				E14197C41CA1A6BE00EDD443 /* Frameworks */,
				E14197C51CA1A6BE00EDD443 /* Resources */,
				E1A6A7291D11B7F600A334B5 /* Embed Frameworks */,
				08DB8AFEB529C036EDF8400C /* [CP] Embed Pods Frameworks */,
				63D6FA484313A2D2FF0184F0 /* [CP] Copy Pods Resources */,
			);
			buildRules = (
			);
			dependencies = (
			);
			name = iPets;
			productName = iPets;
			productReference = E14197C71CA1A6BE00EDD443 /* iPets.app */;
			productType = "com.apple.product-type.application";
		};
/* End PBXNativeTarget section */

/* Begin PBXProject section */
		E14197BF1CA1A6BE00EDD443 /* Project object */ = {
			isa = PBXProject;
			attributes = {
				LastSwiftUpdateCheck = 0730;
				LastUpgradeCheck = 0830;
				ORGANIZATIONNAME = maocaiyuan;
				TargetAttributes = {
					E14197C61CA1A6BE00EDD443 = {
						CreatedOnToolsVersion = 7.3;
						DevelopmentTeam = 4AB7FQ4W8L;
						LastSwiftMigration = 0830;
					};
				};
			};
			buildConfigurationList = E14197C21CA1A6BE00EDD443 /* Build configuration list for PBXProject "iPets" */;
			compatibilityVersion = "Xcode 3.2";
			developmentRegion = English;
			hasScannedForEncodings = 0;
			knownRegions = (
				en,
				Base,
			);
			mainGroup = E14197BE1CA1A6BE00EDD443;
			productRefGroup = E14197C81CA1A6BE00EDD443 /* Products */;
			projectDirPath = "";
			projectRoot = "";
			targets = (
				E14197C61CA1A6BE00EDD443 /* iPets */,
			);
		};
/* End PBXProject section */

/* Begin PBXResourcesBuildPhase section */
		E14197C51CA1A6BE00EDD443 /* Resources */ = {
			isa = PBXResourcesBuildPhase;
			buildActionMask = 2147483647;
			files = (
				E17528C81ED4091D00269EDF /* Chat.xcassets in Resources */,
				E10E446D1CC62BA700D9992A /* Navigation.xcassets in Resources */,
				E17528CD1ED4094700269EDF /* SellBuy.xcassets in Resources */,
				E10E44651CC62B3500D9992A /* Contacts.xcassets in Resources */,
				E17529001ED40CE900269EDF /* Assets.xcassets in Resources */,
				E10E44671CC62B3500D9992A /* Home.xcassets in Resources */,
				E17528C61ED4090B00269EDF /* Setting.xcassets in Resources */,
				E10E44691CC62B3500D9992A /* Me.xcassets in Resources */,
				E17528CA1ED4092B00269EDF /* FindPets.xcassets in Resources */,
				E1DE0E661EEA918600CF580D /* Video.xcassets in Resources */,
				E10E44681CC62B3500D9992A /* Images.xcassets in Resources */,
				E14197D51CA1A6BE00EDD443 /* LaunchScreen.storyboard in Resources */,
				E1ADD75F1EDFE899000BCBC4 /* Temp.xcassets in Resources */,
				E10E44661CC62B3500D9992A /* Discover.xcassets in Resources */,
				E14197D01CA1A6BE00EDD443 /* Main.storyboard in Resources */,
				E10B34DD1EEA9E0100D65C9F /* LocalNews.js in Resources */,
			);
			runOnlyForDeploymentPostprocessing = 0;
		};
/* End PBXResourcesBuildPhase section */

/* Begin PBXShellScriptBuildPhase section */
		08DB8AFEB529C036EDF8400C /* [CP] Embed Pods Frameworks */ = {
			isa = PBXShellScriptBuildPhase;
			buildActionMask = 2147483647;
			files = (
			);
			inputPaths = (
			);
			name = "[CP] Embed Pods Frameworks";
			outputPaths = (
			);
			runOnlyForDeploymentPostprocessing = 0;
			shellPath = /bin/sh;
			shellScript = "\"${SRCROOT}/Pods/Target Support Files/Pods-iPets/Pods-iPets-frameworks.sh\"\n";
			showEnvVarsInLog = 0;
		};
		5B1BEC6D2E0E2EF614904DA9 /* [CP] Check Pods Manifest.lock */ = {
			isa = PBXShellScriptBuildPhase;
			buildActionMask = 2147483647;
			files = (
			);
			inputPaths = (
			);
			name = "[CP] Check Pods Manifest.lock";
			outputPaths = (
			);
			runOnlyForDeploymentPostprocessing = 0;
			shellPath = /bin/sh;
			shellScript = "diff \"${PODS_PODFILE_DIR_PATH}/Podfile.lock\" \"${PODS_ROOT}/Manifest.lock\" > /dev/null\nif [ $? != 0 ] ; then\n    # print error to STDERR\n    echo \"error: The sandbox is not in sync with the Podfile.lock. Run 'pod install' or update your CocoaPods installation.\" >&2\n    exit 1\nfi\n";
			showEnvVarsInLog = 0;
		};
		63D6FA484313A2D2FF0184F0 /* [CP] Copy Pods Resources */ = {
			isa = PBXShellScriptBuildPhase;
			buildActionMask = 2147483647;
			files = (
			);
			inputPaths = (
			);
			name = "[CP] Copy Pods Resources";
			outputPaths = (
			);
			runOnlyForDeploymentPostprocessing = 0;
			shellPath = /bin/sh;
			shellScript = "\"${SRCROOT}/Pods/Target Support Files/Pods-iPets/Pods-iPets-resources.sh\"\n";
			showEnvVarsInLog = 0;
		};
/* End PBXShellScriptBuildPhase section */

/* Begin PBXSourcesBuildPhase section */
		E14197C31CA1A6BE00EDD443 /* Sources */ = {
			isa = PBXSourcesBuildPhase;
			buildActionMask = 2147483647;
			files = (
				E1DE0E9C1EEA94B200CF580D /* NewsHeaderView.swift in Sources */,
				E1DE0EB31EEA94C000CF580D /* NewsDataModule.swift in Sources */,
				E17528E91ED40B0F00269EDF /* UniversalConstants.swift in Sources */,
				E17528BB1ED406DC00269EDF /* ChatTableView.swift in Sources */,
				E17528D51ED40A5A00269EDF /* InternetExplorerViewController.swift in Sources */,
				E10B34ED1EEAA65800D65C9F /* MyLoadingView.swift in Sources */,
				E17528F71ED40B1800269EDF /* UniversalFuncs.swift in Sources */,
				E17528571ED3E8AE00269EDF /* SellBuyCollectionHeaderView.swift in Sources */,
				E10B34E21EEAA2D500D65C9F /* VideoViewController.swift in Sources */,
				E175289A1ED406BB00269EDF /* FindPetsTableViewCell.swift in Sources */,
				E17528901ED406A500269EDF /* FindPetsViewController.swift in Sources */,
				E17528B21ED406D000269EDF /* MessageItem.swift in Sources */,
				E17528F11ED40B1800269EDF /* AutoLayout.swift in Sources */,
				E17528D61ED40A5A00269EDF /* RichScanViewController.swift in Sources */,
				E17528831ED404A400269EDF /* PersonInfo_ChangeNameViewController.swift in Sources */,
				E17528961ED406AD00269EDF /* FindPetsCellModel.swift in Sources */,
				E17528871ED404FB00269EDF /* MeViewController.swift in Sources */,
				E1DE0E691EEA918600CF580D /* VideoSlider.swift in Sources */,
				E17528AF1ED406D000269EDF /* ContectorModel.swift in Sources */,
				E126FD151CFD6E7700DAFF84 /* TabbarViewController.swift in Sources */,
				E1DE0E631EEA918600CF580D /* AVSDKExtension.swift in Sources */,
				E17528781ED4049900269EDF /* SettingTableViewCell.swift in Sources */,
				E17528661ED4034D00269EDF /* SearchResultViewController.swift in Sources */,
				E17528AC1ED406D000269EDF /* BubbleItem.swift in Sources */,
				E1DE0E741EEA91BA00CF580D /* Cache.swift in Sources */,
				E1DE0E6C1EEA919F00CF580D /* CanCopyImageView.swift in Sources */,
				E1DE0E751EEA91BA00CF580D /* CacheConstants.swift in Sources */,
				E175289B1ED406BB00269EDF /* SendFindMyPetsInfoTableViewCell.swift in Sources */,
				E10B34E41EEAA2E200D65C9F /* VideoTableViewCell.swift in Sources */,
				E17528FC1ED40B7600269EDF /* CustomDismissAnimationController.swift in Sources */,
				E1DE0E681EEA918600CF580D /* VideoPlayerView.swift in Sources */,
				E1DE0E8B1EEA928600CF580D /* ImageCollectionViewController.swift in Sources */,
				E17528911ED406A500269EDF /* SendFindMyPetsInfoViewController.swift in Sources */,
				E1DE0E781EEA91BA00CF580D /* SaveDataModel.swift in Sources */,
				E17528BC1ED406DC00269EDF /* ChatTableViewCell.swift in Sources */,
				E17528AD1ED406D000269EDF /* ChatData.swift in Sources */,
				E1DE0E9D1EEA94B200CF580D /* NewsTableViewCell.swift in Sources */,
				E1DE0E791EEA91BA00CF580D /* SQLLine.swift in Sources */,
				E14407F51EEEA0D600C8E23B /* ShopCarViewController.swift in Sources */,
				E1DE0EBD1EEA94CC00CF580D /* WebViewController.swift in Sources */,
				E1DE0EB21EEA94C000CF580D /* LocalNewsDataModule.swift in Sources */,
				E10B34EB1EEAA65800D65C9F /* ActionMenuView.swift in Sources */,
				E1DE0E821EEA926900CF580D /* PicsBrowserView.swift in Sources */,
				E17528771ED4049900269EDF /* PersonInfoTableViewCell.swift in Sources */,
				E1DE0E6D1EEA919F00CF580D /* CanCopyLabel.swift in Sources */,
				E1DE0EAB1EEA94BA00CF580D /* TabNetConstant.swift in Sources */,
				E17528B31ED406D000269EDF /* UserInfo.swift in Sources */,
				E1DE0EB41EEA94C000CF580D /* NewsHeaderDataModule.swift in Sources */,
				E12A38B71EEA794000755C6C /* FindTableViewCell.swift in Sources */,
				E17528B01ED406D000269EDF /* ContectorInfoViewDataModel.swift in Sources */,
				E126FD101CFD6E7700DAFF84 /* AppDelegate.swift in Sources */,
				E17528951ED406AD00269EDF /* FindPetsCellFrameModel.swift in Sources */,
				E1DE0E881EEA928600CF580D /* ImageChooseFuncs.swift in Sources */,
				E17528541ED3E8AE00269EDF /* CycleView.swift in Sources */,
				E1DE0E671EEA918600CF580D /* VideoFuncs.swift in Sources */,
				E17528611ED3E95300269EDF /* SellBuyCollectionModel.swift in Sources */,
				E10B34DB1EEA9D4D00D65C9F /* ShowPicViewController.swift in Sources */,
				E1DE0E9B1EEA94B200CF580D /* NewsChannelView.swift in Sources */,
				E17528F21ED40B1800269EDF /* ChangeValue.swift in Sources */,
				E1DE0EBC1EEA94CC00CF580D /* NewsViewController.swift in Sources */,
				E17528F41ED40B1800269EDF /* Extension.swift in Sources */,
				E10B34EE1EEAA65800D65C9F /* ToastView.swift in Sources */,
				E17528A21ED406C600269EDF /* MainChatListViewController.swift in Sources */,
				E10B34EF1EEAA65800D65C9F /* WaitView.swift in Sources */,
				E1ADD75D1ED6CD29000BCBC4 /* MyTimer.swift in Sources */,
				E17528F31ED40B1800269EDF /* DateToToString.swift in Sources */,
				E17528F51ED40B1800269EDF /* GetMyInfo.swift in Sources */,
				E1DE0E891EEA928600CF580D /* ImageCollectionModel.swift in Sources */,
				E17528681ED4034D00269EDF /* SellBuyViewController.swift in Sources */,
				E12A38B51EEA78BE00755C6C /* FindViewController.swift in Sources */,
				E17528791ED4049900269EDF /* MeViewCell.swift in Sources */,
				E17528A01ED406C600269EDF /* ChatViewController.swift in Sources */,
				E17528801ED404A400269EDF /* Setting_CommonFuncViewController.swift in Sources */,
				E17528BA1ED406DC00269EDF /* ChatTableHeaderViewCell.swift in Sources */,
				E17528841ED404A400269EDF /* PersonInfoViewController.swift in Sources */,
				E17528971ED406AD00269EDF /* SendFindMyPetsInfoModel.swift in Sources */,
				E14407F31EEE73CF00C8E23B /* MCYTableView.swift in Sources */,
				E17528811ED404A400269EDF /* PersonInfo_IconViewController.swift in Sources */,
				E1DE0E7E1EEA91FA00CF580D /* LoadingPicView.swift in Sources */,
				E17528561ED3E8AE00269EDF /* SellBuyCollectionFooterView.swift in Sources */,
				E10B34EC1EEAA65800D65C9F /* MyBottomMenuView.swift in Sources */,
				E17528821ED404A400269EDF /* PersonInfo_TDCodeImageViewController.swift in Sources */,
				E17528551ED3E8AE00269EDF /* SearchTableViewCell.swift in Sources */,
				E17528E81ED40B0F00269EDF /* Protocol.swift in Sources */,
				E1DE0E641EEA918600CF580D /* BaseVideoView.swift in Sources */,
				E17528731ED4048E00269EDF /* SettingDataModel.swift in Sources */,
				E17528F61ED40B1800269EDF /* PinYinString.swift in Sources */,
				E17528BE1ED406DC00269EDF /* ContectorInfoTableViewCell.swift in Sources */,
				E17528721ED4048E00269EDF /* MeDataModel.swift in Sources */,
				E1DE0EA81EEA94BA00CF580D /* NetConstant.swift in Sources */,
				E1DE0E8A1EEA928600CF580D /* ImageCollectionViewCell.swift in Sources */,
				E1DE0E761EEA91BA00CF580D /* DBConstants.swift in Sources */,
				E1DE0EA51EEA94BA00CF580D /* ArticleNetConstant.swift in Sources */,
				E17528AE1ED406D000269EDF /* ContectorListViewDataModel.swift in Sources */,
				E17528FD1ED40B7600269EDF /* CustomPresentAnimationController.swift in Sources */,
				E17528601ED3E95300269EDF /* SearchRecordModel.swift in Sources */,
				E1DE0EBA1EEA94CC00CF580D /* LocalH5NewsViewController.swift in Sources */,
				E17528A11ED406C600269EDF /* ContectorListViewController.swift in Sources */,
				E1DE0EAA1EEA94BA00CF580D /* NewsExtension.swift in Sources */,
				E1DE0E831EEA926900CF580D /* ShowSinglePicView.swift in Sources */,
				E17528851ED404A400269EDF /* SettingViewController.swift in Sources */,
				E1DE0EB51EEA94C000CF580D /* PicsDataModule.swift in Sources */,
				E1DE0EA71EEA94BA00CF580D /* JsonCache.swift in Sources */,
				E1DE0EA61EEA94BA00CF580D /* DataFormat.swift in Sources */,
				E17528BF1ED406DC00269EDF /* MainChatTableViewCell.swift in Sources */,
				E17528A31ED406C600269EDF /* ContectorInfoViewController.swift in Sources */,
				E1DE0E651EEA918600CF580D /* SetMaskView.swift in Sources */,
				E17528711ED4048E00269EDF /* PersonInfoDataModel.swift in Sources */,
				E17528D11ED409B100269EDF /* iPets.xcdatamodeld in Sources */,
				E1DE0EA91EEA94BA00CF580D /* NewsConstants.swift in Sources */,
				E1DE0EB11EEA94C000CF580D /* JsonToModule.swift in Sources */,
				E1DE0E771EEA91BA00CF580D /* SaveCacheDataModel.swift in Sources */,
				E1DE0E7F1EEA91FA00CF580D /* NetFuncs.swift in Sources */,
				E1DE0EBB1EEA94CC00CF580D /* NewsRootViewController.swift in Sources */,
				E17528671ED4034D00269EDF /* SearchViewController.swift in Sources */,
				E17528FE1ED40B7600269EDF /* PushAndPopAnimation.swift in Sources */,
				E17528B11ED406D000269EDF /* MainChatListViewDataModel.swift in Sources */,
				E12A38B91EEA795700755C6C /* FindDataModel.swift in Sources */,
				E17528BD1ED406DC00269EDF /* ContectorListTableViewCell.swift in Sources */,
				E14407F11EEE690800C8E23B /* FindPetsMoreView.swift in Sources */,
				E17528581ED3E8AE00269EDF /* SellBuyCollectionViewCell.swift in Sources */,
			);
			runOnlyForDeploymentPostprocessing = 0;
		};
/* End PBXSourcesBuildPhase section */

/* Begin PBXVariantGroup section */
		E14197CE1CA1A6BE00EDD443 /* Main.storyboard */ = {
			isa = PBXVariantGroup;
			children = (
				E14197CF1CA1A6BE00EDD443 /* Base */,
			);
			name = Main.storyboard;
			sourceTree = "<group>";
		};
		E14197D31CA1A6BE00EDD443 /* LaunchScreen.storyboard */ = {
			isa = PBXVariantGroup;
			children = (
				E14197D41CA1A6BE00EDD443 /* Base */,
			);
			name = LaunchScreen.storyboard;
			sourceTree = "<group>";
		};
/* End PBXVariantGroup section */

/* Begin XCBuildConfiguration section */
		E14197D71CA1A6BE00EDD443 /* Debug */ = {
			isa = XCBuildConfiguration;
			buildSettings = {
				ALWAYS_SEARCH_USER_PATHS = NO;
				CLANG_ANALYZER_NONNULL = YES;
				CLANG_CXX_LANGUAGE_STANDARD = "gnu++0x";
				CLANG_CXX_LIBRARY = "libc++";
				CLANG_ENABLE_MODULES = YES;
				CLANG_ENABLE_OBJC_ARC = YES;
				CLANG_WARN_BOOL_CONVERSION = YES;
				CLANG_WARN_CONSTANT_CONVERSION = YES;
				CLANG_WARN_DIRECT_OBJC_ISA_USAGE = YES_ERROR;
				CLANG_WARN_EMPTY_BODY = YES;
				CLANG_WARN_ENUM_CONVERSION = YES;
				CLANG_WARN_INFINITE_RECURSION = YES;
				CLANG_WARN_INT_CONVERSION = YES;
				CLANG_WARN_OBJC_ROOT_CLASS = YES_ERROR;
				CLANG_WARN_SUSPICIOUS_MOVE = YES;
				CLANG_WARN_UNREACHABLE_CODE = YES;
				CLANG_WARN__DUPLICATE_METHOD_MATCH = YES;
				"CODE_SIGN_IDENTITY[sdk=iphoneos*]" = "iPhone Developer";
				COPY_PHASE_STRIP = NO;
				DEBUG_INFORMATION_FORMAT = dwarf;
				ENABLE_STRICT_OBJC_MSGSEND = YES;
				ENABLE_TESTABILITY = YES;
				GCC_C_LANGUAGE_STANDARD = gnu99;
				GCC_DYNAMIC_NO_PIC = NO;
				GCC_NO_COMMON_BLOCKS = YES;
				GCC_OPTIMIZATION_LEVEL = 0;
				GCC_PREPROCESSOR_DEFINITIONS = (
					"DEBUG=1",
					"$(inherited)",
				);
				GCC_WARN_64_TO_32_BIT_CONVERSION = YES;
				GCC_WARN_ABOUT_RETURN_TYPE = YES_ERROR;
				GCC_WARN_UNDECLARED_SELECTOR = YES;
				GCC_WARN_UNINITIALIZED_AUTOS = YES_AGGRESSIVE;
				GCC_WARN_UNUSED_FUNCTION = YES;
				GCC_WARN_UNUSED_VARIABLE = YES;
				IPHONEOS_DEPLOYMENT_TARGET = 9.0;
				MTL_ENABLE_DEBUG_INFO = YES;
				ONLY_ACTIVE_ARCH = YES;
				SDKROOT = iphoneos;
				SWIFT_OPTIMIZATION_LEVEL = "-Onone";
			};
			name = Debug;
		};
		E14197D81CA1A6BE00EDD443 /* Release */ = {
			isa = XCBuildConfiguration;
			buildSettings = {
				ALWAYS_SEARCH_USER_PATHS = NO;
				CLANG_ANALYZER_NONNULL = YES;
				CLANG_CXX_LANGUAGE_STANDARD = "gnu++0x";
				CLANG_CXX_LIBRARY = "libc++";
				CLANG_ENABLE_MODULES = YES;
				CLANG_ENABLE_OBJC_ARC = YES;
				CLANG_WARN_BOOL_CONVERSION = YES;
				CLANG_WARN_CONSTANT_CONVERSION = YES;
				CLANG_WARN_DIRECT_OBJC_ISA_USAGE = YES_ERROR;
				CLANG_WARN_EMPTY_BODY = YES;
				CLANG_WARN_ENUM_CONVERSION = YES;
				CLANG_WARN_INFINITE_RECURSION = YES;
				CLANG_WARN_INT_CONVERSION = YES;
				CLANG_WARN_OBJC_ROOT_CLASS = YES_ERROR;
				CLANG_WARN_SUSPICIOUS_MOVE = YES;
				CLANG_WARN_UNREACHABLE_CODE = YES;
				CLANG_WARN__DUPLICATE_METHOD_MATCH = YES;
				"CODE_SIGN_IDENTITY[sdk=iphoneos*]" = "iPhone Developer";
				COPY_PHASE_STRIP = NO;
				DEBUG_INFORMATION_FORMAT = "dwarf-with-dsym";
				ENABLE_NS_ASSERTIONS = NO;
				ENABLE_STRICT_OBJC_MSGSEND = YES;
				GCC_C_LANGUAGE_STANDARD = gnu99;
				GCC_NO_COMMON_BLOCKS = YES;
				GCC_WARN_64_TO_32_BIT_CONVERSION = YES;
				GCC_WARN_ABOUT_RETURN_TYPE = YES_ERROR;
				GCC_WARN_UNDECLARED_SELECTOR = YES;
				GCC_WARN_UNINITIALIZED_AUTOS = YES_AGGRESSIVE;
				GCC_WARN_UNUSED_FUNCTION = YES;
				GCC_WARN_UNUSED_VARIABLE = YES;
				IPHONEOS_DEPLOYMENT_TARGET = 9.0;
				MTL_ENABLE_DEBUG_INFO = NO;
				SDKROOT = iphoneos;
				SWIFT_OPTIMIZATION_LEVEL = "-Owholemodule";
				VALIDATE_PRODUCT = YES;
			};
			name = Release;
		};
		E14197DA1CA1A6BE00EDD443 /* Debug */ = {
			isa = XCBuildConfiguration;
			baseConfigurationReference = 1E5E34788EAF7E5842AB3455 /* Pods-iPets.debug.xcconfig */;
			buildSettings = {
				ALWAYS_EMBED_SWIFT_STANDARD_LIBRARIES = YES;
				ASSETCATALOG_COMPILER_APPICON_NAME = AppIcon;
				CODE_SIGN_IDENTITY = "iPhone Developer";
				"CODE_SIGN_IDENTITY[sdk=iphoneos*]" = "iPhone Developer";
				DEVELOPMENT_TEAM = 4AB7FQ4W8L;
				INFOPLIST_FILE = iPets/Info.plist;
				IPHONEOS_DEPLOYMENT_TARGET = 9.0;
				LD_RUNPATH_SEARCH_PATHS = "$(inherited) @executable_path/Frameworks";
				PRODUCT_BUNDLE_IDENTIFIER = com.maocaiyuan.iPets;
				PRODUCT_NAME = "$(TARGET_NAME)";
				PROVISIONING_PROFILE = "";
				SWIFT_VERSION = 3.0;
			};
			name = Debug;
		};
		E14197DB1CA1A6BE00EDD443 /* Release */ = {
			isa = XCBuildConfiguration;
			baseConfigurationReference = 626BBE37DA2AA08F813BF74C /* Pods-iPets.release.xcconfig */;
			buildSettings = {
				ALWAYS_EMBED_SWIFT_STANDARD_LIBRARIES = YES;
				ASSETCATALOG_COMPILER_APPICON_NAME = AppIcon;
				CODE_SIGN_IDENTITY = "iPhone Developer";
				"CODE_SIGN_IDENTITY[sdk=iphoneos*]" = "iPhone Developer";
				DEVELOPMENT_TEAM = 4AB7FQ4W8L;
				INFOPLIST_FILE = iPets/Info.plist;
				IPHONEOS_DEPLOYMENT_TARGET = 9.0;
				LD_RUNPATH_SEARCH_PATHS = "$(inherited) @executable_path/Frameworks";
				PRODUCT_BUNDLE_IDENTIFIER = com.maocaiyuan.iPets;
				PRODUCT_NAME = "$(TARGET_NAME)";
				PROVISIONING_PROFILE = "";
				SWIFT_VERSION = 3.0;
			};
			name = Release;
		};
/* End XCBuildConfiguration section */

/* Begin XCConfigurationList section */
		E14197C21CA1A6BE00EDD443 /* Build configuration list for PBXProject "iPets" */ = {
			isa = XCConfigurationList;
			buildConfigurations = (
				E14197D71CA1A6BE00EDD443 /* Debug */,
				E14197D81CA1A6BE00EDD443 /* Release */,
			);
			defaultConfigurationIsVisible = 0;
			defaultConfigurationName = Release;
		};
		E14197D91CA1A6BE00EDD443 /* Build configuration list for PBXNativeTarget "iPets" */ = {
			isa = XCConfigurationList;
			buildConfigurations = (
				E14197DA1CA1A6BE00EDD443 /* Debug */,
				E14197DB1CA1A6BE00EDD443 /* Release */,
			);
			defaultConfigurationIsVisible = 0;
			defaultConfigurationName = Release;
		};
/* End XCConfigurationList section */

/* Begin XCVersionGroup section */
		E17528CF1ED409B100269EDF /* iPets.xcdatamodeld */ = {
			isa = XCVersionGroup;
			children = (
				E17528D01ED409B100269EDF /* iPets.xcdatamodel */,
			);
			currentVersion = E17528D01ED409B100269EDF /* iPets.xcdatamodel */;
			path = iPets.xcdatamodeld;
			sourceTree = "<group>";
			versionGroupType = wrapper.xcdatamodel;
		};
/* End XCVersionGroup section */
	};
	rootObject = E14197BF1CA1A6BE00EDD443 /* Project object */;
}
